
Microsoft Visual Studio Solution File, Format Version 12.00
# Visual Studio 14
VisualStudioVersion = 14.0.25420.1
MinimumVisualStudioVersion = 10.0.40219.1
Project("{8BC9CEB8-8B4A-11D0-8D11-00A0C91BC942}") = "pipe-server", "pipe-server\pipe-server.vcxproj", "{DA699729-BC1E-48A1-8745-D6FD2C31E384}"
EndProject
Project("{8BC9CEB8-8B4A-11D0-8D11-00A0C91BC942}") = "pipe-client", "pipe-client\pipe-client.vcxproj", "{C1DF211E-C61B-411B-8839-EF6CAF397B81}"
EndProject
Global
	GlobalSection(SolutionConfigurationPlatforms) = preSolution
		Debug|x64 = Debug|x64
		Debug|x86 = Debug|x86
		Release|x64 = Release|x64
		Release|x86 = Release|x86
	EndGlobalSection
	GlobalSection(ProjectConfigurationPlatforms) = postSolution
		{DA699729-BC1E-48A1-8745-D6FD2C31E384}.Debug|x64.ActiveCfg = Debug|x64
		{DA699729-BC1E-48A1-8745-D6FD2C31E384}.Debug|x64.Build.0 = Debug|x64
		{DA699729-BC1E-48A1-8745-D6FD2C31E384}.Debug|x86.ActiveCfg = Debug|Win32
		{DA699729-BC1E-48A1-8745-D6FD2C31E384}.Debug|x86.Build.0 = Debug|Win32
		{DA699729-BC1E-48A1-8745-D6FD2C31E384}.Release|x64.ActiveCfg = Release|x64
		{DA699729-BC1E-48A1-8745-D6FD2C31E384}.Release|x64.Build.0 = Release|x64
		{DA699729-BC1E-48A1-8745-D6FD2C31E384}.Release|x86.ActiveCfg = Release|Win32
		{DA699729-BC1E-48A1-8745-D6FD2C31E384}.Release|x86.Build.0 = Release|Win32
		{C1DF211E-C61B-411B-8839-EF6CAF397B81}.Debug|x64.ActiveCfg = Debug|x64
		{C1DF211E-C61B-411B-8839-EF6CAF397B81}.Debug|x64.Build.0 = Debug|x64
		{C1DF211E-C61B-411B-8839-EF6CAF397B81}.Debug|x86.ActiveCfg = Debug|Win32
		{C1DF211E-C61B-411B-8839-EF6CAF397B81}.Debug|x86.Build.0 = Debug|Win32
		{C1DF211E-C61B-411B-8839-EF6CAF397B81}.Release|x64.ActiveCfg = Release|x64
		{C1DF211E-C61B-411B-8839-EF6CAF397B81}.Release|x64.Build.0 = Release|x64
		{C1DF211E-C61B-411B-8839-EF6CAF397B81}.Release|x86.ActiveCfg = Release|Win32
		{C1DF211E-C61B-411B-8839-EF6CAF397B81}.Release|x86.Build.0 = Release|Win32
	EndGlobalSection
	GlobalSection(SolutionProperties) = preSolution
		HideSolutionNode = FALSE
	EndGlobalSection
EndGlobal
