<?xml version="1.0" encoding="utf-8"?>
<Project ToolsVersion="4.0" xmlns="http://schemas.microsoft.com/developer/msbuild/2003">
  <ItemGroup>
    <Filter Include="Header Files">
      <UniqueIdentifier>{93995380-89BD-4b04-88EB-625FBE52EBFB}</UniqueIdentifier>
      <Extensions>h;hh;hpp;hxx;hm;inl;inc;xsd</Extensions>
    </Filter>
    <Filter Include="Header Files\Graph">
      <UniqueIdentifier>{c5659b0a-cbc4-44bd-bf4a-5e828b68c237}</UniqueIdentifier>
    </Filter>
    <Filter Include="Header Files\Graph\Iterators">
      <UniqueIdentifier>{4fb1a11a-6175-4bb9-a850-98943a500b65}</UniqueIdentifier>
    </Filter>
    <Filter Include="Header Files\Queue">
      <UniqueIdentifier>{43ab92d0-fb2f-41a4-b99b-1efff051097a}</UniqueIdentifier>
    </Filter>
    <Filter Include="Header Files\Graph\Ordering">
      <UniqueIdentifier>{fcd09d8e-8c1b-4b4c-af3b-a318f89959af}</UniqueIdentifier>
    </Filter>
  </ItemGroup>
  <ItemGroup>
    <ClInclude Include="..\..\include\containers\filter_if.hpp">
      <Filter>Header Files</Filter>
    </ClInclude>
    <ClInclude Include="..\..\include\containers\proxy.hpp">
      <Filter>Header Files</Filter>
    </ClInclude>
    <ClInclude Include="..\..\include\containers\graph\node_centric.hpp">
      <Filter>Header Files\Graph</Filter>
    </ClInclude>
    <ClInclude Include="..\..\include\containers\graph\node_centric_iterators.hpp">
      <Filter>Header Files\Graph</Filter>
    </ClInclude>
    <ClInclude Include="..\..\include\containers\graph\iterators\node_centric_flood_iterator.hpp">
      <Filter>Header Files\Graph\Iterators</Filter>
    </ClInclude>
    <ClInclude Include="..\..\include\containers\graph\iterators\node_centric_parent_iterator.hpp">
      <Filter>Header Files\Graph\Iterators</Filter>
    </ClInclude>
    <ClInclude Include="..\..\include\containers\graph\iterators\node_centric_preorder_iterator.hpp">
      <Filter>Header Files\Graph\Iterators</Filter>
    </ClInclude>
    <ClInclude Include="..\..\include\containers\graph\iterators\node_centric_sibling_iterator.hpp">
      <Filter>Header Files\Graph\Iterators</Filter>
    </ClInclude>
    <ClInclude Include="..\..\include\containers\queue\limited_queue.hpp">
      <Filter>Header Files\Queue</Filter>
    </ClInclude>
    <ClInclude Include="..\..\include\containers\queue\nonuniform_limited_queue.hpp">
      <Filter>Header Files\Queue</Filter>
    </ClInclude>
    <ClInclude Include="..\..\include\containers\graph\iterators\graph_preorder_iterator.hpp">
      <Filter>Header Files\Graph\Iterators</Filter>
    </ClInclude>
    <ClInclude Include="..\..\include\containers\graph\ordering\graph_preorder.hpp">
      <Filter>Header Files\Graph\Ordering</Filter>
    </ClInclude>
    <ClInclude Include="..\..\include\containers\graph\iterators\graph_preorder_iterator_stacked.hpp">
      <Filter>Header Files\Graph\Iterators</Filter>
    </ClInclude>
  </ItemGroup>
</Project>