<?xml version="1.0" encoding="utf-8"?>
<Project ToolsVersion="4.0" xmlns="http://schemas.microsoft.com/developer/msbuild/2003">
  <ItemGroup>
    <Filter Include="Header Files">
      <UniqueIdentifier>{93995380-89BD-4b04-88EB-625FBE52EBFB}</UniqueIdentifier>
      <Extensions>h;hh;hpp;hxx;hm;inl;inc;xsd</Extensions>
    </Filter>
    <Filter Include="Header Files\graph">
      <UniqueIdentifier>{c5659b0a-cbc4-44bd-bf4a-5e828b68c237}</UniqueIdentifier>
    </Filter>
    <Filter Include="Header Files\queue">
      <UniqueIdentifier>{43ab92d0-fb2f-41a4-b99b-1efff051097a}</UniqueIdentifier>
    </Filter>
    <Filter Include="Header Files\graph\iterators">
      <UniqueIdentifier>{4fb1a11a-6175-4bb9-a850-98943a500b65}</UniqueIdentifier>
    </Filter>
    <Filter Include="Header Files\search">
      <UniqueIdentifier>{4bfa8bc6-6b55-42d8-8e2c-a2b0476f7893}</UniqueIdentifier>
    </Filter>
    <Filter Include="Header Files\graph\cursors">
      <UniqueIdentifier>{7e53d968-dc39-42c1-9c25-4a61d0fbab14}</UniqueIdentifier>
    </Filter>
  </ItemGroup>
  <ItemGroup>
    <ClInclude Include="..\..\include\containers\filter_if.hpp">
      <Filter>Header Files</Filter>
    </ClInclude>
    <ClInclude Include="..\..\include\containers\proxy.hpp">
      <Filter>Header Files</Filter>
    </ClInclude>
    <ClInclude Include="..\..\include\containers\graph\adjacency.hpp">
      <Filter>Header Files\graph</Filter>
    </ClInclude>
    <ClInclude Include="..\..\include\containers\queue\limited_queue.hpp">
      <Filter>Header Files\queue</Filter>
    </ClInclude>
    <ClInclude Include="..\..\include\containers\queue\nonuniform_limited_queue.hpp">
      <Filter>Header Files\queue</Filter>
    </ClInclude>
    <ClInclude Include="..\..\include\containers\cursor.hpp">
      <Filter>Header Files</Filter>
    </ClInclude>
    <ClInclude Include="..\..\include\containers\graph\iterators\preorder_path_iterator.hpp">
      <Filter>Header Files\graph\iterators</Filter>
    </ClInclude>
    <ClInclude Include="..\..\include\containers\graph\search\dijkstra.hpp">
      <Filter>Header Files\search</Filter>
    </ClInclude>
    <ClInclude Include="..\..\include\containers\graph\search\astar.hpp">
      <Filter>Header Files\search</Filter>
    </ClInclude>
    <ClInclude Include="..\..\include\containers\graph\cursors\path_cursor.hpp">
      <Filter>Header Files\graph\cursors</Filter>
    </ClInclude>
    <ClInclude Include="..\..\include\containers\graph\iterators\postorder_path_iterator.hpp">
      <Filter>Header Files\graph\iterators</Filter>
    </ClInclude>
  </ItemGroup>
</Project>