
Microsoft Visual Studio Solution File, Format Version 12.00
# Visual Studio Version 16
VisualStudioVersion = 16.0.32602.291
MinimumVisualStudioVersion = 10.0.40219.1
Project("{8BC9CEB8-8B4A-11D0-8D11-00A0C91BC942}") = "progress", "progress\progress.vcxproj", "{893C35F6-6E55-43DE-9526-D2ACF897B2E2}"
EndProject
Global
	GlobalSection(SolutionConfigurationPlatforms) = preSolution
		Debug|x64 = Debug|x64
		Debug|x86 = Debug|x86
		Release|x64 = Release|x64
		Release|x86 = Release|x86
	EndGlobalSection
	GlobalSection(ProjectConfigurationPlatforms) = postSolution
		{893C35F6-6E55-43DE-9526-D2ACF897B2E2}.Debug|x64.ActiveCfg = Debug|x64
		{893C35F6-6E55-43DE-9526-D2ACF897B2E2}.Debug|x64.Build.0 = Debug|x64
		{893C35F6-6E55-43DE-9526-D2ACF897B2E2}.Debug|x86.ActiveCfg = Debug|Win32
		{893C35F6-6E55-43DE-9526-D2ACF897B2E2}.Debug|x86.Build.0 = Debug|Win32
		{893C35F6-6E55-43DE-9526-D2ACF897B2E2}.Release|x64.ActiveCfg = Release|x64
		{893C35F6-6E55-43DE-9526-D2ACF897B2E2}.Release|x64.Build.0 = Release|x64
		{893C35F6-6E55-43DE-9526-D2ACF897B2E2}.Release|x86.ActiveCfg = Release|Win32
		{893C35F6-6E55-43DE-9526-D2ACF897B2E2}.Release|x86.Build.0 = Release|Win32
	EndGlobalSection
	GlobalSection(SolutionProperties) = preSolution
		HideSolutionNode = FALSE
	EndGlobalSection
	GlobalSection(ExtensibilityGlobals) = postSolution
		SolutionGuid = {8B71A803-C27A-445A-8380-8ECBCD37C9E1}
	EndGlobalSection
EndGlobal
