
Microsoft Visual Studio Solution File, Format Version 12.00
# Visual Studio 14
VisualStudioVersion = 14.0.25420.1
MinimumVisualStudioVersion = 10.0.40219.1
Project("{8BC9CEB8-8B4A-11D0-8D11-00A0C91BC942}") = "precision_scalar", "precision_scalar\precision_scalar.vcxproj", "{A3C12666-0164-4EB9-A494-7BF1CD051909}"
EndProject
Project("{8BC9CEB8-8B4A-11D0-8D11-00A0C91BC942}") = "precition_scalar_test", "precition_scalar_test\precition_scalar_test.vcxproj", "{9D8953FB-9A66-415A-AF17-C69B6FEEECF7}"
EndProject
Global
	GlobalSection(SolutionConfigurationPlatforms) = preSolution
		Debug|x64 = Debug|x64
		Debug|x86 = Debug|x86
		Release|x64 = Release|x64
		Release|x86 = Release|x86
	EndGlobalSection
	GlobalSection(ProjectConfigurationPlatforms) = postSolution
		{A3C12666-0164-4EB9-A494-7BF1CD051909}.Debug|x64.ActiveCfg = Debug|x64
		{A3C12666-0164-4EB9-A494-7BF1CD051909}.Debug|x64.Build.0 = Debug|x64
		{A3C12666-0164-4EB9-A494-7BF1CD051909}.Debug|x86.ActiveCfg = Debug|Win32
		{A3C12666-0164-4EB9-A494-7BF1CD051909}.Debug|x86.Build.0 = Debug|Win32
		{A3C12666-0164-4EB9-A494-7BF1CD051909}.Release|x64.ActiveCfg = Release|x64
		{A3C12666-0164-4EB9-A494-7BF1CD051909}.Release|x64.Build.0 = Release|x64
		{A3C12666-0164-4EB9-A494-7BF1CD051909}.Release|x86.ActiveCfg = Release|Win32
		{A3C12666-0164-4EB9-A494-7BF1CD051909}.Release|x86.Build.0 = Release|Win32
		{9D8953FB-9A66-415A-AF17-C69B6FEEECF7}.Debug|x64.ActiveCfg = Debug|x64
		{9D8953FB-9A66-415A-AF17-C69B6FEEECF7}.Debug|x64.Build.0 = Debug|x64
		{9D8953FB-9A66-415A-AF17-C69B6FEEECF7}.Debug|x86.ActiveCfg = Debug|Win32
		{9D8953FB-9A66-415A-AF17-C69B6FEEECF7}.Debug|x86.Build.0 = Debug|Win32
		{9D8953FB-9A66-415A-AF17-C69B6FEEECF7}.Release|x64.ActiveCfg = Release|x64
		{9D8953FB-9A66-415A-AF17-C69B6FEEECF7}.Release|x64.Build.0 = Release|x64
		{9D8953FB-9A66-415A-AF17-C69B6FEEECF7}.Release|x86.ActiveCfg = Release|Win32
		{9D8953FB-9A66-415A-AF17-C69B6FEEECF7}.Release|x86.Build.0 = Release|Win32
	EndGlobalSection
	GlobalSection(SolutionProperties) = preSolution
		HideSolutionNode = FALSE
	EndGlobalSection
EndGlobal
