
Microsoft Visual Studio Solution File, Format Version 12.00
# Visual Studio Version 16
VisualStudioVersion = 16.0.32929.386
MinimumVisualStudioVersion = 10.0.40219.1
Project("{8BC9CEB8-8B4A-11D0-8D11-00A0C91BC942}") = "transaction", "transaction\transaction.vcxproj", "{D5DB339C-96BA-43C4-94BA-85D5AB4E6D5F}"
EndProject
Global
	GlobalSection(SolutionConfigurationPlatforms) = preSolution
		Debug|x64 = Debug|x64
		Debug|x86 = Debug|x86
		Release|x64 = Release|x64
		Release|x86 = Release|x86
	EndGlobalSection
	GlobalSection(ProjectConfigurationPlatforms) = postSolution
		{D5DB339C-96BA-43C4-94BA-85D5AB4E6D5F}.Debug|x64.ActiveCfg = Debug|x64
		{D5DB339C-96BA-43C4-94BA-85D5AB4E6D5F}.Debug|x64.Build.0 = Debug|x64
		{D5DB339C-96BA-43C4-94BA-85D5AB4E6D5F}.Debug|x86.ActiveCfg = Debug|Win32
		{D5DB339C-96BA-43C4-94BA-85D5AB4E6D5F}.Debug|x86.Build.0 = Debug|Win32
		{D5DB339C-96BA-43C4-94BA-85D5AB4E6D5F}.Release|x64.ActiveCfg = Release|x64
		{D5DB339C-96BA-43C4-94BA-85D5AB4E6D5F}.Release|x64.Build.0 = Release|x64
		{D5DB339C-96BA-43C4-94BA-85D5AB4E6D5F}.Release|x86.ActiveCfg = Release|Win32
		{D5DB339C-96BA-43C4-94BA-85D5AB4E6D5F}.Release|x86.Build.0 = Release|Win32
	EndGlobalSection
	GlobalSection(SolutionProperties) = preSolution
		HideSolutionNode = FALSE
	EndGlobalSection
	GlobalSection(ExtensibilityGlobals) = postSolution
		SolutionGuid = {162837E0-BC47-4463-98B6-A3A95AEBB553}
	EndGlobalSection
EndGlobal
