
Microsoft Visual Studio Solution File, Format Version 12.00
# Visual Studio 14
VisualStudioVersion = 14.0.25420.1
MinimumVisualStudioVersion = 10.0.40219.1
Project("{8BC9CEB8-8B4A-11D0-8D11-00A0C91BC942}") = "class_defaults", "class_defaults\class_defaults.vcxproj", "{18F71F5F-4040-4B79-B8AC-77751FD06C90}"
EndProject
Project("{8BC9CEB8-8B4A-11D0-8D11-00A0C91BC942}") = "sfinae", "sfinae\sfinae.vcxproj", "{67D8590E-99B1-428D-BC22-34199495F7B5}"
EndProject
Project("{8BC9CEB8-8B4A-11D0-8D11-00A0C91BC942}") = "interface_extension", "interface_extension\interface_extension.vcxproj", "{CDC0894B-4E1C-49FC-9E58-8B3C7F33FF83}"
EndProject
Project("{8BC9CEB8-8B4A-11D0-8D11-00A0C91BC942}") = "user_defined_conversion", "user_defined_conversion\user_defined_conversion.vcxproj", "{98C0B1C5-54E4-4806-A2E2-14827CF3E7BA}"
EndProject
Project("{8BC9CEB8-8B4A-11D0-8D11-00A0C91BC942}") = "extern", "extern\extern.vcxproj", "{487BAE7E-A11D-4563-9FB7-676F64A448C6}"
EndProject
Project("{8BC9CEB8-8B4A-11D0-8D11-00A0C91BC942}") = "std_atomic", "std_atomic\std_atomic.vcxproj", "{7182DE77-7C33-4034-B741-646BCB77EA56}"
EndProject
Project("{8BC9CEB8-8B4A-11D0-8D11-00A0C91BC942}") = "struct", "struct\struct.vcxproj", "{200E9663-7E72-4F20-A35E-FF3F5A45FE94}"
EndProject
Project("{8BC9CEB8-8B4A-11D0-8D11-00A0C91BC942}") = "virtual_methods", "virtual_methods\virtual_methods.vcxproj", "{0C2B1967-1623-421A-BB25-77AA61CD368B}"
EndProject
Project("{8BC9CEB8-8B4A-11D0-8D11-00A0C91BC942}") = "std_intitializer_list", "intitializer_list\intitializer_list\intitializer_list.vcxproj", "{8DF62A3E-EED6-491F-8BD8-104CAB284070}"
EndProject
Project("{8BC9CEB8-8B4A-11D0-8D11-00A0C91BC942}") = "__super", "__super\__super.vcxproj", "{21171B99-0E33-4874-BF75-735835DB96FA}"
EndProject
Project("{8BC9CEB8-8B4A-11D0-8D11-00A0C91BC942}") = "raii", "raii\raii.vcxproj", "{4B3B8DD7-6759-426C-A25A-06CA80290F6A}"
EndProject
Project("{8BC9CEB8-8B4A-11D0-8D11-00A0C91BC942}") = "interface_extension_templated", "interface_extension_templated\interface_extension_templated.vcxproj", "{10AE4381-A046-49AE-9F35-8C0B1C5CA06C}"
EndProject
Project("{8BC9CEB8-8B4A-11D0-8D11-00A0C91BC942}") = "std_any", "std_any\std_any.vcxproj", "{4B9D94E5-6C70-4F35-8668-AC346994883D}"
EndProject
Project("{8BC9CEB8-8B4A-11D0-8D11-00A0C91BC942}") = "constexpr", "constexpr\constexpr.vcxproj", "{4D09D6B6-C35F-406F-9D94-12328CA8EB43}"
EndProject
Project("{8BC9CEB8-8B4A-11D0-8D11-00A0C91BC942}") = "std_string", "std_string\std_string.vcxproj", "{8DA2BC71-1B6B-4606-973F-8ADE362EC727}"
EndProject
Project("{8BC9CEB8-8B4A-11D0-8D11-00A0C91BC942}") = "std_map", "std_map\std_map.vcxproj", "{9B4487F7-9E4A-4AD5-A3BC-60FA5A35216C}"
EndProject
Project("{8BC9CEB8-8B4A-11D0-8D11-00A0C91BC942}") = "reference", "reference\reference.vcxproj", "{528FFAFC-3687-41A8-B61B-36462B39555C}"
EndProject
Project("{8BC9CEB8-8B4A-11D0-8D11-00A0C91BC942}") = "__asm", "asm\asm.vcxproj", "{4D2747C9-EC3B-44BC-B627-AFFB78218384}"
EndProject
Project("{8BC9CEB8-8B4A-11D0-8D11-00A0C91BC942}") = "pointer", "pointer\pointer.vcxproj", "{E42C0E97-F860-4A89-8655-CB45203FDBEF}"
EndProject
Project("{8BC9CEB8-8B4A-11D0-8D11-00A0C91BC942}") = "constructor_exception", "constructor_exception\constructor_exception.vcxproj", "{C9E516C7-261D-4F8F-A4E4-23BC61246CF8}"
EndProject
Global
	GlobalSection(SolutionConfigurationPlatforms) = preSolution
		Debug|x64 = Debug|x64
		Debug|x86 = Debug|x86
		Release|x64 = Release|x64
		Release|x86 = Release|x86
	EndGlobalSection
	GlobalSection(ProjectConfigurationPlatforms) = postSolution
		{18F71F5F-4040-4B79-B8AC-77751FD06C90}.Debug|x64.ActiveCfg = Debug|x64
		{18F71F5F-4040-4B79-B8AC-77751FD06C90}.Debug|x64.Build.0 = Debug|x64
		{18F71F5F-4040-4B79-B8AC-77751FD06C90}.Debug|x86.ActiveCfg = Debug|Win32
		{18F71F5F-4040-4B79-B8AC-77751FD06C90}.Debug|x86.Build.0 = Debug|Win32
		{18F71F5F-4040-4B79-B8AC-77751FD06C90}.Release|x64.ActiveCfg = Release|x64
		{18F71F5F-4040-4B79-B8AC-77751FD06C90}.Release|x64.Build.0 = Release|x64
		{18F71F5F-4040-4B79-B8AC-77751FD06C90}.Release|x86.ActiveCfg = Release|Win32
		{18F71F5F-4040-4B79-B8AC-77751FD06C90}.Release|x86.Build.0 = Release|Win32
		{67D8590E-99B1-428D-BC22-34199495F7B5}.Debug|x64.ActiveCfg = Debug|x64
		{67D8590E-99B1-428D-BC22-34199495F7B5}.Debug|x64.Build.0 = Debug|x64
		{67D8590E-99B1-428D-BC22-34199495F7B5}.Debug|x86.ActiveCfg = Debug|Win32
		{67D8590E-99B1-428D-BC22-34199495F7B5}.Debug|x86.Build.0 = Debug|Win32
		{67D8590E-99B1-428D-BC22-34199495F7B5}.Release|x64.ActiveCfg = Release|x64
		{67D8590E-99B1-428D-BC22-34199495F7B5}.Release|x64.Build.0 = Release|x64
		{67D8590E-99B1-428D-BC22-34199495F7B5}.Release|x86.ActiveCfg = Release|Win32
		{67D8590E-99B1-428D-BC22-34199495F7B5}.Release|x86.Build.0 = Release|Win32
		{CDC0894B-4E1C-49FC-9E58-8B3C7F33FF83}.Debug|x64.ActiveCfg = Debug|x64
		{CDC0894B-4E1C-49FC-9E58-8B3C7F33FF83}.Debug|x64.Build.0 = Debug|x64
		{CDC0894B-4E1C-49FC-9E58-8B3C7F33FF83}.Debug|x86.ActiveCfg = Debug|Win32
		{CDC0894B-4E1C-49FC-9E58-8B3C7F33FF83}.Debug|x86.Build.0 = Debug|Win32
		{CDC0894B-4E1C-49FC-9E58-8B3C7F33FF83}.Release|x64.ActiveCfg = Release|x64
		{CDC0894B-4E1C-49FC-9E58-8B3C7F33FF83}.Release|x64.Build.0 = Release|x64
		{CDC0894B-4E1C-49FC-9E58-8B3C7F33FF83}.Release|x86.ActiveCfg = Release|Win32
		{CDC0894B-4E1C-49FC-9E58-8B3C7F33FF83}.Release|x86.Build.0 = Release|Win32
		{98C0B1C5-54E4-4806-A2E2-14827CF3E7BA}.Debug|x64.ActiveCfg = Debug|x64
		{98C0B1C5-54E4-4806-A2E2-14827CF3E7BA}.Debug|x64.Build.0 = Debug|x64
		{98C0B1C5-54E4-4806-A2E2-14827CF3E7BA}.Debug|x86.ActiveCfg = Debug|Win32
		{98C0B1C5-54E4-4806-A2E2-14827CF3E7BA}.Debug|x86.Build.0 = Debug|Win32
		{98C0B1C5-54E4-4806-A2E2-14827CF3E7BA}.Release|x64.ActiveCfg = Release|x64
		{98C0B1C5-54E4-4806-A2E2-14827CF3E7BA}.Release|x64.Build.0 = Release|x64
		{98C0B1C5-54E4-4806-A2E2-14827CF3E7BA}.Release|x86.ActiveCfg = Release|Win32
		{98C0B1C5-54E4-4806-A2E2-14827CF3E7BA}.Release|x86.Build.0 = Release|Win32
		{487BAE7E-A11D-4563-9FB7-676F64A448C6}.Debug|x64.ActiveCfg = Debug|x64
		{487BAE7E-A11D-4563-9FB7-676F64A448C6}.Debug|x64.Build.0 = Debug|x64
		{487BAE7E-A11D-4563-9FB7-676F64A448C6}.Debug|x86.ActiveCfg = Debug|Win32
		{487BAE7E-A11D-4563-9FB7-676F64A448C6}.Debug|x86.Build.0 = Debug|Win32
		{487BAE7E-A11D-4563-9FB7-676F64A448C6}.Release|x64.ActiveCfg = Release|x64
		{487BAE7E-A11D-4563-9FB7-676F64A448C6}.Release|x64.Build.0 = Release|x64
		{487BAE7E-A11D-4563-9FB7-676F64A448C6}.Release|x86.ActiveCfg = Release|Win32
		{487BAE7E-A11D-4563-9FB7-676F64A448C6}.Release|x86.Build.0 = Release|Win32
		{7182DE77-7C33-4034-B741-646BCB77EA56}.Debug|x64.ActiveCfg = Debug|x64
		{7182DE77-7C33-4034-B741-646BCB77EA56}.Debug|x64.Build.0 = Debug|x64
		{7182DE77-7C33-4034-B741-646BCB77EA56}.Debug|x86.ActiveCfg = Debug|Win32
		{7182DE77-7C33-4034-B741-646BCB77EA56}.Debug|x86.Build.0 = Debug|Win32
		{7182DE77-7C33-4034-B741-646BCB77EA56}.Release|x64.ActiveCfg = Release|x64
		{7182DE77-7C33-4034-B741-646BCB77EA56}.Release|x64.Build.0 = Release|x64
		{7182DE77-7C33-4034-B741-646BCB77EA56}.Release|x86.ActiveCfg = Release|Win32
		{7182DE77-7C33-4034-B741-646BCB77EA56}.Release|x86.Build.0 = Release|Win32
		{200E9663-7E72-4F20-A35E-FF3F5A45FE94}.Debug|x64.ActiveCfg = Debug|x64
		{200E9663-7E72-4F20-A35E-FF3F5A45FE94}.Debug|x64.Build.0 = Debug|x64
		{200E9663-7E72-4F20-A35E-FF3F5A45FE94}.Debug|x86.ActiveCfg = Debug|Win32
		{200E9663-7E72-4F20-A35E-FF3F5A45FE94}.Debug|x86.Build.0 = Debug|Win32
		{200E9663-7E72-4F20-A35E-FF3F5A45FE94}.Release|x64.ActiveCfg = Release|x64
		{200E9663-7E72-4F20-A35E-FF3F5A45FE94}.Release|x64.Build.0 = Release|x64
		{200E9663-7E72-4F20-A35E-FF3F5A45FE94}.Release|x86.ActiveCfg = Release|Win32
		{200E9663-7E72-4F20-A35E-FF3F5A45FE94}.Release|x86.Build.0 = Release|Win32
		{0C2B1967-1623-421A-BB25-77AA61CD368B}.Debug|x64.ActiveCfg = Debug|x64
		{0C2B1967-1623-421A-BB25-77AA61CD368B}.Debug|x64.Build.0 = Debug|x64
		{0C2B1967-1623-421A-BB25-77AA61CD368B}.Debug|x86.ActiveCfg = Debug|Win32
		{0C2B1967-1623-421A-BB25-77AA61CD368B}.Debug|x86.Build.0 = Debug|Win32
		{0C2B1967-1623-421A-BB25-77AA61CD368B}.Release|x64.ActiveCfg = Release|x64
		{0C2B1967-1623-421A-BB25-77AA61CD368B}.Release|x64.Build.0 = Release|x64
		{0C2B1967-1623-421A-BB25-77AA61CD368B}.Release|x86.ActiveCfg = Release|Win32
		{0C2B1967-1623-421A-BB25-77AA61CD368B}.Release|x86.Build.0 = Release|Win32
		{8DF62A3E-EED6-491F-8BD8-104CAB284070}.Debug|x64.ActiveCfg = Debug|x64
		{8DF62A3E-EED6-491F-8BD8-104CAB284070}.Debug|x64.Build.0 = Debug|x64
		{8DF62A3E-EED6-491F-8BD8-104CAB284070}.Debug|x86.ActiveCfg = Debug|Win32
		{8DF62A3E-EED6-491F-8BD8-104CAB284070}.Debug|x86.Build.0 = Debug|Win32
		{8DF62A3E-EED6-491F-8BD8-104CAB284070}.Release|x64.ActiveCfg = Release|x64
		{8DF62A3E-EED6-491F-8BD8-104CAB284070}.Release|x64.Build.0 = Release|x64
		{8DF62A3E-EED6-491F-8BD8-104CAB284070}.Release|x86.ActiveCfg = Release|Win32
		{8DF62A3E-EED6-491F-8BD8-104CAB284070}.Release|x86.Build.0 = Release|Win32
		{21171B99-0E33-4874-BF75-735835DB96FA}.Debug|x64.ActiveCfg = Debug|x64
		{21171B99-0E33-4874-BF75-735835DB96FA}.Debug|x64.Build.0 = Debug|x64
		{21171B99-0E33-4874-BF75-735835DB96FA}.Debug|x86.ActiveCfg = Debug|Win32
		{21171B99-0E33-4874-BF75-735835DB96FA}.Debug|x86.Build.0 = Debug|Win32
		{21171B99-0E33-4874-BF75-735835DB96FA}.Release|x64.ActiveCfg = Release|x64
		{21171B99-0E33-4874-BF75-735835DB96FA}.Release|x64.Build.0 = Release|x64
		{21171B99-0E33-4874-BF75-735835DB96FA}.Release|x86.ActiveCfg = Release|Win32
		{21171B99-0E33-4874-BF75-735835DB96FA}.Release|x86.Build.0 = Release|Win32
		{4B3B8DD7-6759-426C-A25A-06CA80290F6A}.Debug|x64.ActiveCfg = Debug|x64
		{4B3B8DD7-6759-426C-A25A-06CA80290F6A}.Debug|x64.Build.0 = Debug|x64
		{4B3B8DD7-6759-426C-A25A-06CA80290F6A}.Debug|x86.ActiveCfg = Debug|Win32
		{4B3B8DD7-6759-426C-A25A-06CA80290F6A}.Debug|x86.Build.0 = Debug|Win32
		{4B3B8DD7-6759-426C-A25A-06CA80290F6A}.Release|x64.ActiveCfg = Release|x64
		{4B3B8DD7-6759-426C-A25A-06CA80290F6A}.Release|x64.Build.0 = Release|x64
		{4B3B8DD7-6759-426C-A25A-06CA80290F6A}.Release|x86.ActiveCfg = Release|Win32
		{4B3B8DD7-6759-426C-A25A-06CA80290F6A}.Release|x86.Build.0 = Release|Win32
		{10AE4381-A046-49AE-9F35-8C0B1C5CA06C}.Debug|x64.ActiveCfg = Debug|x64
		{10AE4381-A046-49AE-9F35-8C0B1C5CA06C}.Debug|x64.Build.0 = Debug|x64
		{10AE4381-A046-49AE-9F35-8C0B1C5CA06C}.Debug|x86.ActiveCfg = Debug|Win32
		{10AE4381-A046-49AE-9F35-8C0B1C5CA06C}.Debug|x86.Build.0 = Debug|Win32
		{10AE4381-A046-49AE-9F35-8C0B1C5CA06C}.Release|x64.ActiveCfg = Release|x64
		{10AE4381-A046-49AE-9F35-8C0B1C5CA06C}.Release|x64.Build.0 = Release|x64
		{10AE4381-A046-49AE-9F35-8C0B1C5CA06C}.Release|x86.ActiveCfg = Release|Win32
		{10AE4381-A046-49AE-9F35-8C0B1C5CA06C}.Release|x86.Build.0 = Release|Win32
		{4B9D94E5-6C70-4F35-8668-AC346994883D}.Debug|x64.ActiveCfg = Debug|x64
		{4B9D94E5-6C70-4F35-8668-AC346994883D}.Debug|x64.Build.0 = Debug|x64
		{4B9D94E5-6C70-4F35-8668-AC346994883D}.Debug|x86.ActiveCfg = Debug|Win32
		{4B9D94E5-6C70-4F35-8668-AC346994883D}.Debug|x86.Build.0 = Debug|Win32
		{4B9D94E5-6C70-4F35-8668-AC346994883D}.Release|x64.ActiveCfg = Release|x64
		{4B9D94E5-6C70-4F35-8668-AC346994883D}.Release|x64.Build.0 = Release|x64
		{4B9D94E5-6C70-4F35-8668-AC346994883D}.Release|x86.ActiveCfg = Release|Win32
		{4B9D94E5-6C70-4F35-8668-AC346994883D}.Release|x86.Build.0 = Release|Win32
		{4D09D6B6-C35F-406F-9D94-12328CA8EB43}.Debug|x64.ActiveCfg = Debug|x64
		{4D09D6B6-C35F-406F-9D94-12328CA8EB43}.Debug|x64.Build.0 = Debug|x64
		{4D09D6B6-C35F-406F-9D94-12328CA8EB43}.Debug|x86.ActiveCfg = Debug|Win32
		{4D09D6B6-C35F-406F-9D94-12328CA8EB43}.Debug|x86.Build.0 = Debug|Win32
		{4D09D6B6-C35F-406F-9D94-12328CA8EB43}.Release|x64.ActiveCfg = Release|x64
		{4D09D6B6-C35F-406F-9D94-12328CA8EB43}.Release|x64.Build.0 = Release|x64
		{4D09D6B6-C35F-406F-9D94-12328CA8EB43}.Release|x86.ActiveCfg = Release|Win32
		{4D09D6B6-C35F-406F-9D94-12328CA8EB43}.Release|x86.Build.0 = Release|Win32
		{8DA2BC71-1B6B-4606-973F-8ADE362EC727}.Debug|x64.ActiveCfg = Debug|x64
		{8DA2BC71-1B6B-4606-973F-8ADE362EC727}.Debug|x64.Build.0 = Debug|x64
		{8DA2BC71-1B6B-4606-973F-8ADE362EC727}.Debug|x86.ActiveCfg = Debug|Win32
		{8DA2BC71-1B6B-4606-973F-8ADE362EC727}.Debug|x86.Build.0 = Debug|Win32
		{8DA2BC71-1B6B-4606-973F-8ADE362EC727}.Release|x64.ActiveCfg = Release|x64
		{8DA2BC71-1B6B-4606-973F-8ADE362EC727}.Release|x64.Build.0 = Release|x64
		{8DA2BC71-1B6B-4606-973F-8ADE362EC727}.Release|x86.ActiveCfg = Release|Win32
		{8DA2BC71-1B6B-4606-973F-8ADE362EC727}.Release|x86.Build.0 = Release|Win32
		{9B4487F7-9E4A-4AD5-A3BC-60FA5A35216C}.Debug|x64.ActiveCfg = Debug|x64
		{9B4487F7-9E4A-4AD5-A3BC-60FA5A35216C}.Debug|x64.Build.0 = Debug|x64
		{9B4487F7-9E4A-4AD5-A3BC-60FA5A35216C}.Debug|x86.ActiveCfg = Debug|Win32
		{9B4487F7-9E4A-4AD5-A3BC-60FA5A35216C}.Debug|x86.Build.0 = Debug|Win32
		{9B4487F7-9E4A-4AD5-A3BC-60FA5A35216C}.Release|x64.ActiveCfg = Release|x64
		{9B4487F7-9E4A-4AD5-A3BC-60FA5A35216C}.Release|x64.Build.0 = Release|x64
		{9B4487F7-9E4A-4AD5-A3BC-60FA5A35216C}.Release|x86.ActiveCfg = Release|Win32
		{9B4487F7-9E4A-4AD5-A3BC-60FA5A35216C}.Release|x86.Build.0 = Release|Win32
		{528FFAFC-3687-41A8-B61B-36462B39555C}.Debug|x64.ActiveCfg = Debug|x64
		{528FFAFC-3687-41A8-B61B-36462B39555C}.Debug|x64.Build.0 = Debug|x64
		{528FFAFC-3687-41A8-B61B-36462B39555C}.Debug|x86.ActiveCfg = Debug|Win32
		{528FFAFC-3687-41A8-B61B-36462B39555C}.Debug|x86.Build.0 = Debug|Win32
		{528FFAFC-3687-41A8-B61B-36462B39555C}.Release|x64.ActiveCfg = Release|x64
		{528FFAFC-3687-41A8-B61B-36462B39555C}.Release|x64.Build.0 = Release|x64
		{528FFAFC-3687-41A8-B61B-36462B39555C}.Release|x86.ActiveCfg = Release|Win32
		{528FFAFC-3687-41A8-B61B-36462B39555C}.Release|x86.Build.0 = Release|Win32
		{4D2747C9-EC3B-44BC-B627-AFFB78218384}.Debug|x64.ActiveCfg = Debug|x64
		{4D2747C9-EC3B-44BC-B627-AFFB78218384}.Debug|x64.Build.0 = Debug|x64
		{4D2747C9-EC3B-44BC-B627-AFFB78218384}.Debug|x86.ActiveCfg = Debug|Win32
		{4D2747C9-EC3B-44BC-B627-AFFB78218384}.Debug|x86.Build.0 = Debug|Win32
		{4D2747C9-EC3B-44BC-B627-AFFB78218384}.Release|x64.ActiveCfg = Release|x64
		{4D2747C9-EC3B-44BC-B627-AFFB78218384}.Release|x64.Build.0 = Release|x64
		{4D2747C9-EC3B-44BC-B627-AFFB78218384}.Release|x86.ActiveCfg = Release|Win32
		{4D2747C9-EC3B-44BC-B627-AFFB78218384}.Release|x86.Build.0 = Release|Win32
		{E42C0E97-F860-4A89-8655-CB45203FDBEF}.Debug|x64.ActiveCfg = Debug|x64
		{E42C0E97-F860-4A89-8655-CB45203FDBEF}.Debug|x64.Build.0 = Debug|x64
		{E42C0E97-F860-4A89-8655-CB45203FDBEF}.Debug|x86.ActiveCfg = Debug|Win32
		{E42C0E97-F860-4A89-8655-CB45203FDBEF}.Debug|x86.Build.0 = Debug|Win32
		{E42C0E97-F860-4A89-8655-CB45203FDBEF}.Release|x64.ActiveCfg = Release|x64
		{E42C0E97-F860-4A89-8655-CB45203FDBEF}.Release|x64.Build.0 = Release|x64
		{E42C0E97-F860-4A89-8655-CB45203FDBEF}.Release|x86.ActiveCfg = Release|Win32
		{E42C0E97-F860-4A89-8655-CB45203FDBEF}.Release|x86.Build.0 = Release|Win32
		{C9E516C7-261D-4F8F-A4E4-23BC61246CF8}.Debug|x64.ActiveCfg = Debug|x64
		{C9E516C7-261D-4F8F-A4E4-23BC61246CF8}.Debug|x64.Build.0 = Debug|x64
		{C9E516C7-261D-4F8F-A4E4-23BC61246CF8}.Debug|x86.ActiveCfg = Debug|Win32
		{C9E516C7-261D-4F8F-A4E4-23BC61246CF8}.Debug|x86.Build.0 = Debug|Win32
		{C9E516C7-261D-4F8F-A4E4-23BC61246CF8}.Release|x64.ActiveCfg = Release|x64
		{C9E516C7-261D-4F8F-A4E4-23BC61246CF8}.Release|x64.Build.0 = Release|x64
		{C9E516C7-261D-4F8F-A4E4-23BC61246CF8}.Release|x86.ActiveCfg = Release|Win32
		{C9E516C7-261D-4F8F-A4E4-23BC61246CF8}.Release|x86.Build.0 = Release|Win32
	EndGlobalSection
	GlobalSection(SolutionProperties) = preSolution
		HideSolutionNode = FALSE
	EndGlobalSection
	GlobalSection(ExtensibilityGlobals) = postSolution
		SolutionGuid = {0C919D39-E28C-48C9-ABC4-AD6FD2B5A370}
	EndGlobalSection
EndGlobal
