Microsoft Visual Studio Solution File, Format Version 12.00
# Visual Studio 14
VisualStudioVersion = 14.0.25420.1
MinimumVisualStudioVersion = 10.0.40219.1
Project("{8BC9CEB8-8B4A-11D0-8D11-00A0C91BC942}") = "class_defaults", "class_defaults\class_defaults.vcxproj", "{18F71F5F-4040-4B79-B8AC-77751FD06C90}"
EndProject
Project("{8BC9CEB8-8B4A-11D0-8D11-00A0C91BC942}") = "sfinae", "sfinae\sfinae.vcxproj", "{67D8590E-99B1-428D-BC22-34199495F7B5}"
EndProject
Project("{8BC9CEB8-8B4A-11D0-8D11-00A0C91BC942}") = "interface_extension_composite", "interface_extension\interface_extension.vcxproj", "{CDC0894B-4E1C-49FC-9E58-8B3C7F33FF83}"
EndProject
Project("{8BC9CEB8-8B4A-11D0-8D11-00A0C91BC942}") = "user_defined_conversion", "user_defined_conversion\user_defined_conversion.vcxproj", "{98C0B1C5-54E4-4806-A2E2-14827CF3E7BA}"
EndProject
Project("{8BC9CEB8-8B4A-11D0-8D11-00A0C91BC942}") = "extern", "extern\extern.vcxproj", "{487BAE7E-A11D-4563-9FB7-676F64A448C6}"
EndProject
Project("{8BC9CEB8-8B4A-11D0-8D11-00A0C91BC942}") = "std_atomic", "std_atomic\std_atomic.vcxproj", "{7182DE77-7C33-4034-B741-646BCB77EA56}"
EndProject
Project("{8BC9CEB8-8B4A-11D0-8D11-00A0C91BC942}") = "struct", "struct\struct.vcxproj", "{200E9663-7E72-4F20-A35E-FF3F5A45FE94}"
EndProject
Project("{8BC9CEB8-8B4A-11D0-8D11-00A0C91BC942}") = "virtual_methods", "virtual_methods\virtual_methods.vcxproj", "{0C2B1967-1623-421A-BB25-77AA61CD368B}"
EndProject
Project("{8BC9CEB8-8B4A-11D0-8D11-00A0C91BC942}") = "std_intitializer_list", "intitializer_list\intitializer_list\intitializer_list.vcxproj", "{8DF62A3E-EED6-491F-8BD8-104CAB284070}"
EndProject
Project("{8BC9CEB8-8B4A-11D0-8D11-00A0C91BC942}") = "__super", "__super\__super.vcxproj", "{21171B99-0E33-4874-BF75-735835DB96FA}"
EndProject
Project("{8BC9CEB8-8B4A-11D0-8D11-00A0C91BC942}") = "raii", "raii\raii.vcxproj", "{4B3B8DD7-6759-426C-A25A-06CA80290F6A}"
EndProject
Project("{8BC9CEB8-8B4A-11D0-8D11-00A0C91BC942}") = "interface_extension_templated", "interface_extension_templated\interface_extension_templated.vcxproj", "{10AE4381-A046-49AE-9F35-8C0B1C5CA06C}"
EndProject
Project("{8BC9CEB8-8B4A-11D0-8D11-00A0C91BC942}") = "std_any", "std_any\std_any.vcxproj", "{4B9D94E5-6C70-4F35-8668-AC346994883D}"
EndProject
Project("{8BC9CEB8-8B4A-11D0-8D11-00A0C91BC942}") = "constexpr", "constexpr\constexpr.vcxproj", "{4D09D6B6-C35F-406F-9D94-12328CA8EB43}"
EndProject
Project("{8BC9CEB8-8B4A-11D0-8D11-00A0C91BC942}") = "std_string", "std_string\std_string.vcxproj", "{8DA2BC71-1B6B-4606-973F-8ADE362EC727}"
EndProject
Project("{8BC9CEB8-8B4A-11D0-8D11-00A0C91BC942}") = "std_map", "std_map\std_map.vcxproj", "{9B4487F7-9E4A-4AD5-A3BC-60FA5A35216C}"
EndProject
Project("{8BC9CEB8-8B4A-11D0-8D11-00A0C91BC942}") = "reference", "reference\reference.vcxproj", "{528FFAFC-3687-41A8-B61B-36462B39555C}"
EndProject
Project("{8BC9CEB8-8B4A-11D0-8D11-00A0C91BC942}") = "__asm", "asm\asm.vcxproj", "{4D2747C9-EC3B-44BC-B627-AFFB78218384}"
EndProject
Project("{8BC9CEB8-8B4A-11D0-8D11-00A0C91BC942}") = "pointer", "pointer\pointer.vcxproj", "{E42C0E97-F860-4A89-8655-CB45203FDBEF}"
EndProject
Project("{8BC9CEB8-8B4A-11D0-8D11-00A0C91BC942}") = "constructor_exception", "constructor_exception\constructor_exception.vcxproj", "{C9E516C7-261D-4F8F-A4E4-23BC61246CF8}"
EndProject
Project("{8BC9CEB8-8B4A-11D0-8D11-00A0C91BC942}") = "std_allocator", "std_allocator\std_allocator.vcxproj", "{0B7C1BA5-0BDD-474F-8300-1C8F6EF1FFEA}"
EndProject
Project("{8BC9CEB8-8B4A-11D0-8D11-00A0C91BC942}") = "member_access_operators", "member_access_operators\member_access_operators.vcxproj", "{A456E7E4-B125-493E-B54E-25424C2FBB9A}"
EndProject
Project("{8BC9CEB8-8B4A-11D0-8D11-00A0C91BC942}") = "operator_new", "operator_new\operator_new.vcxproj", "{3F1EA60A-E3FE-49A6-89A8-B240179591EA}"
EndProject
Project("{8BC9CEB8-8B4A-11D0-8D11-00A0C91BC942}") = "concept_compare", "concept_compare\concept_compare.vcxproj", "{9ED0FAC8-B840-46E1-884F-A0401BE48082}"
EndProject
Project("{8BC9CEB8-8B4A-11D0-8D11-00A0C91BC942}") = "std_vector", "std_vector\std_vector.vcxproj", "{C54D166A-E38A-4C9B-A1A8-6F6FF6B65D22}"
EndProject
Project("{8BC9CEB8-8B4A-11D0-8D11-00A0C91BC942}") = "std_list", "std_list\std_list.vcxproj", "{D72C7195-D768-4B2F-A24C-DA115CDA7F6B}"
EndProject
Project("{8BC9CEB8-8B4A-11D0-8D11-00A0C91BC942}") = "std_shared_ptr", "std_shared_ptr\std_shared_ptr.vcxproj", "{711E46DA-FA5E-43B7-BE11-E2A6907FFE64}"
EndProject
Project("{8BC9CEB8-8B4A-11D0-8D11-00A0C91BC942}") = "std_unique_ptr", "std_unique_ptr\std_unique_ptr.vcxproj", "{C507AD0A-885E-4638-B81F-9F793FD1C9E9}"
EndProject
Project("{8BC9CEB8-8B4A-11D0-8D11-00A0C91BC942}") = "std_condition_variable", "std_condition_variable\std_condition_variable.vcxproj", "{8537CEFD-C6AA-4543-A96C-1E995A312518}"
EndProject
Project("{8BC9CEB8-8B4A-11D0-8D11-00A0C91BC942}") = "value_category", "value_category\value_category.vcxproj", "{DE8F3828-031E-41A6-8A54-AD0EEC326938}"
EndProject
Project("{8BC9CEB8-8B4A-11D0-8D11-00A0C91BC942}") = "iterator_debug_level", "iterator_debug_level\iterator_debug_level.vcxproj", "{57D87A46-A6FB-4BAA-B454-071790921BC9}"
EndProject
Global
	GlobalSection(SolutionConfigurationPlatforms) = preSolution
		Debug|x64 = Debug|x64
		Debug|x86 = Debug|x86
		Release|x64 = Release|x64
		Release|x86 = Release|x86
	EndGlobalSection
	GlobalSection(ProjectConfigurationPlatforms) = postSolution
		{18F71F5F-4040-4B79-B8AC-77751FD06C90}.Debug|x64.ActiveCfg = Debug|x64
		{18F71F5F-4040-4B79-B8AC-77751FD06C90}.Debug|x64.Build.0 = Debug|x64
		{18F71F5F-4040-4B79-B8AC-77751FD06C90}.Debug|x86.ActiveCfg = Debug|Win32
		{18F71F5F-4040-4B79-B8AC-77751FD06C90}.Debug|x86.Build.0 = Debug|Win32
		{18F71F5F-4040-4B79-B8AC-77751FD06C90}.Release|x64.ActiveCfg = Release|x64
		{18F71F5F-4040-4B79-B8AC-77751FD06C90}.Release|x64.Build.0 = Release|x64
		{18F71F5F-4040-4B79-B8AC-77751FD06C90}.Release|x86.ActiveCfg = Release|Win32
		{18F71F5F-4040-4B79-B8AC-77751FD06C90}.Release|x86.Build.0 = Release|Win32
		{67D8590E-99B1-428D-BC22-34199495F7B5}.Debug|x64.ActiveCfg = Debug|x64
		{67D8590E-99B1-428D-BC22-34199495F7B5}.Debug|x64.Build.0 = Debug|x64
		{67D8590E-99B1-428D-BC22-34199495F7B5}.Debug|x86.ActiveCfg = Debug|Win32
		{67D8590E-99B1-428D-BC22-34199495F7B5}.Debug|x86.Build.0 = Debug|Win32
		{67D8590E-99B1-428D-BC22-34199495F7B5}.Release|x64.ActiveCfg = Release|x64
		{67D8590E-99B1-428D-BC22-34199495F7B5}.Release|x64.Build.0 = Release|x64
		{67D8590E-99B1-428D-BC22-34199495F7B5}.Release|x86.ActiveCfg = Release|Win32
		{67D8590E-99B1-428D-BC22-34199495F7B5}.Release|x86.Build.0 = Release|Win32
		{CDC0894B-4E1C-49FC-9E58-8B3C7F33FF83}.Debug|x64.ActiveCfg = Debug|x64
		{CDC0894B-4E1C-49FC-9E58-8B3C7F33FF83}.Debug|x64.Build.0 = Debug|x64
		{CDC0894B-4E1C-49FC-9E58-8B3C7F33FF83}.Debug|x86.ActiveCfg = Debug|Win32
		{CDC0894B-4E1C-49FC-9E58-8B3C7F33FF83}.Debug|x86.Build.0 = Debug|Win32
		{CDC0894B-4E1C-49FC-9E58-8B3C7F33FF83}.Release|x64.ActiveCfg = Release|x64
		{CDC0894B-4E1C-49FC-9E58-8B3C7F33FF83}.Release|x64.Build.0 = Release|x64
		{CDC0894B-4E1C-49FC-9E58-8B3C7F33FF83}.Release|x86.ActiveCfg = Release|Win32
		{CDC0894B-4E1C-49FC-9E58-8B3C7F33FF83}.Release|x86.Build.0 = Release|Win32
		{98C0B1C5-54E4-4806-A2E2-14827CF3E7BA}.Debug|x64.ActiveCfg = Debug|x64
		{98C0B1C5-54E4-4806-A2E2-14827CF3E7BA}.Debug|x64.Build.0 = Debug|x64
		{98C0B1C5-54E4-4806-A2E2-14827CF3E7BA}.Debug|x86.ActiveCfg = Debug|Win32
		{98C0B1C5-54E4-4806-A2E2-14827CF3E7BA}.Debug|x86.Build.0 = Debug|Win32
		{98C0B1C5-54E4-4806-A2E2-14827CF3E7BA}.Release|x64.ActiveCfg = Release|x64
		{98C0B1C5-54E4-4806-A2E2-14827CF3E7BA}.Release|x64.Build.0 = Release|x64
		{98C0B1C5-54E4-4806-A2E2-14827CF3E7BA}.Release|x86.ActiveCfg = Release|Win32
		{98C0B1C5-54E4-4806-A2E2-14827CF3E7BA}.Release|x86.Build.0 = Release|Win32
		{487BAE7E-A11D-4563-9FB7-676F64A448C6}.Debug|x64.ActiveCfg = Debug|x64
		{487BAE7E-A11D-4563-9FB7-676F64A448C6}.Debug|x64.Build.0 = Debug|x64
		{487BAE7E-A11D-4563-9FB7-676F64A448C6}.Debug|x86.ActiveCfg = Debug|Win32
		{487BAE7E-A11D-4563-9FB7-676F64A448C6}.Debug|x86.Build.0 = Debug|Win32
		{487BAE7E-A11D-4563-9FB7-676F64A448C6}.Release|x64.ActiveCfg = Release|x64
		{487BAE7E-A11D-4563-9FB7-676F64A448C6}.Release|x64.Build.0 = Release|x64
		{487BAE7E-A11D-4563-9FB7-676F64A448C6}.Release|x86.ActiveCfg = Release|Win32
		{487BAE7E-A11D-4563-9FB7-676F64A448C6}.Release|x86.Build.0 = Release|Win32
		{7182DE77-7C33-4034-B741-646BCB77EA56}.Debug|x64.ActiveCfg = Debug|x64
		{7182DE77-7C33-4034-B741-646BCB77EA56}.Debug|x64.Build.0 = Debug|x64
		{7182DE77-7C33-4034-B741-646BCB77EA56}.Debug|x86.ActiveCfg = Debug|Win32
		{7182DE77-7C33-4034-B741-646BCB77EA56}.Debug|x86.Build.0 = Debug|Win32
		{7182DE77-7C33-4034-B741-646BCB77EA56}.Release|x64.ActiveCfg = Release|x64
		{7182DE77-7C33-4034-B741-646BCB77EA56}.Release|x64.Build.0 = Release|x64
		{7182DE77-7C33-4034-B741-646BCB77EA56}.Release|x86.ActiveCfg = Release|Win32
		{7182DE77-7C33-4034-B741-646BCB77EA56}.Release|x86.Build.0 = Release|Win32
		{200E9663-7E72-4F20-A35E-FF3F5A45FE94}.Debug|x64.ActiveCfg = Debug|x64
		{200E9663-7E72-4F20-A35E-FF3F5A45FE94}.Debug|x64.Build.0 = Debug|x64
		{200E9663-7E72-4F20-A35E-FF3F5A45FE94}.Debug|x86.ActiveCfg = Debug|Win32
		{200E9663-7E72-4F20-A35E-FF3F5A45FE94}.Debug|x86.Build.0 = Debug|Win32
		{200E9663-7E72-4F20-A35E-FF3F5A45FE94}.Release|x64.ActiveCfg = Release|x64
		{200E9663-7E72-4F20-A35E-FF3F5A45FE94}.Release|x64.Build.0 = Release|x64
		{200E9663-7E72-4F20-A35E-FF3F5A45FE94}.Release|x86.ActiveCfg = Release|Win32
		{200E9663-7E72-4F20-A35E-FF3F5A45FE94}.Release|x86.Build.0 = Release|Win32
		{0C2B1967-1623-421A-BB25-77AA61CD368B}.Debug|x64.ActiveCfg = Debug|x64
		{0C2B1967-1623-421A-BB25-77AA61CD368B}.Debug|x64.Build.0 = Debug|x64
		{0C2B1967-1623-421A-BB25-77AA61CD368B}.Debug|x86.ActiveCfg = Debug|Win32
		{0C2B1967-1623-421A-BB25-77AA61CD368B}.Debug|x86.Build.0 = Debug|Win32
		{0C2B1967-1623-421A-BB25-77AA61CD368B}.Release|x64.ActiveCfg = Release|x64
		{0C2B1967-1623-421A-BB25-77AA61CD368B}.Release|x64.Build.0 = Release|x64
		{0C2B1967-1623-421A-BB25-77AA61CD368B}.Release|x86.ActiveCfg = Release|Win32
		{0C2B1967-1623-421A-BB25-77AA61CD368B}.Release|x86.Build.0 = Release|Win32
		{8DF62A3E-EED6-491F-8BD8-104CAB284070}.Debug|x64.ActiveCfg = Debug|x64
		{8DF62A3E-EED6-491F-8BD8-104CAB284070}.Debug|x64.Build.0 = Debug|x64
		{8DF62A3E-EED6-491F-8BD8-104CAB284070}.Debug|x86.ActiveCfg = Debug|Win32
		{8DF62A3E-EED6-491F-8BD8-104CAB284070}.Debug|x86.Build.0 = Debug|Win32
		{8DF62A3E-EED6-491F-8BD8-104CAB284070}.Release|x64.ActiveCfg = Release|x64
		{8DF62A3E-EED6-491F-8BD8-104CAB284070}.Release|x64.Build.0 = Release|x64
		{8DF62A3E-EED6-491F-8BD8-104CAB284070}.Release|x86.ActiveCfg = Release|Win32
		{8DF62A3E-EED6-491F-8BD8-104CAB284070}.Release|x86.Build.0 = Release|Win32
		{21171B99-0E33-4874-BF75-735835DB96FA}.Debug|x64.ActiveCfg = Debug|x64
		{21171B99-0E33-4874-BF75-735835DB96FA}.Debug|x64.Build.0 = Debug|x64
		{21171B99-0E33-4874-BF75-735835DB96FA}.Debug|x86.ActiveCfg = Debug|Win32
		{21171B99-0E33-4874-BF75-735835DB96FA}.Debug|x86.Build.0 = Debug|Win32
		{21171B99-0E33-4874-BF75-735835DB96FA}.Release|x64.ActiveCfg = Release|x64
		{21171B99-0E33-4874-BF75-735835DB96FA}.Release|x64.Build.0 = Release|x64
		{21171B99-0E33-4874-BF75-735835DB96FA}.Release|x86.ActiveCfg = Release|Win32
		{21171B99-0E33-4874-BF75-735835DB96FA}.Release|x86.Build.0 = Release|Win32
		{4B3B8DD7-6759-426C-A25A-06CA80290F6A}.Debug|x64.ActiveCfg = Debug|x64
		{4B3B8DD7-6759-426C-A25A-06CA80290F6A}.Debug|x64.Build.0 = Debug|x64
		{4B3B8DD7-6759-426C-A25A-06CA80290F6A}.Debug|x86.ActiveCfg = Debug|Win32
		{4B3B8DD7-6759-426C-A25A-06CA80290F6A}.Debug|x86.Build.0 = Debug|Win32
		{4B3B8DD7-6759-426C-A25A-06CA80290F6A}.Release|x64.ActiveCfg = Release|x64
		{4B3B8DD7-6759-426C-A25A-06CA80290F6A}.Release|x64.Build.0 = Release|x64
		{4B3B8DD7-6759-426C-A25A-06CA80290F6A}.Release|x86.ActiveCfg = Release|Win32
		{4B3B8DD7-6759-426C-A25A-06CA80290F6A}.Release|x86.Build.0 = Release|Win32
		{10AE4381-A046-49AE-9F35-8C0B1C5CA06C}.Debug|x64.ActiveCfg = Debug|x64
		{10AE4381-A046-49AE-9F35-8C0B1C5CA06C}.Debug|x64.Build.0 = Debug|x64
		{10AE4381-A046-49AE-9F35-8C0B1C5CA06C}.Debug|x86.ActiveCfg = Debug|Win32
		{10AE4381-A046-49AE-9F35-8C0B1C5CA06C}.Debug|x86.Build.0 = Debug|Win32
		{10AE4381-A046-49AE-9F35-8C0B1C5CA06C}.Release|x64.ActiveCfg = Release|x64
		{10AE4381-A046-49AE-9F35-8C0B1C5CA06C}.Release|x64.Build.0 = Release|x64
		{10AE4381-A046-49AE-9F35-8C0B1C5CA06C}.Release|x86.ActiveCfg = Release|Win32
		{10AE4381-A046-49AE-9F35-8C0B1C5CA06C}.Release|x86.Build.0 = Release|Win32
		{4B9D94E5-6C70-4F35-8668-AC346994883D}.Debug|x64.ActiveCfg = Debug|x64
		{4B9D94E5-6C70-4F35-8668-AC346994883D}.Debug|x64.Build.0 = Debug|x64
		{4B9D94E5-6C70-4F35-8668-AC346994883D}.Debug|x86.ActiveCfg = Debug|Win32
		{4B9D94E5-6C70-4F35-8668-AC346994883D}.Debug|x86.Build.0 = Debug|Win32
		{4B9D94E5-6C70-4F35-8668-AC346994883D}.Release|x64.ActiveCfg = Release|x64
		{4B9D94E5-6C70-4F35-8668-AC346994883D}.Release|x64.Build.0 = Release|x64
		{4B9D94E5-6C70-4F35-8668-AC346994883D}.Release|x86.ActiveCfg = Release|Win32
		{4B9D94E5-6C70-4F35-8668-AC346994883D}.Release|x86.Build.0 = Release|Win32
		{4D09D6B6-C35F-406F-9D94-12328CA8EB43}.Debug|x64.ActiveCfg = Debug|x64
		{4D09D6B6-C35F-406F-9D94-12328CA8EB43}.Debug|x64.Build.0 = Debug|x64
		{4D09D6B6-C35F-406F-9D94-12328CA8EB43}.Debug|x86.ActiveCfg = Debug|Win32
		{4D09D6B6-C35F-406F-9D94-12328CA8EB43}.Debug|x86.Build.0 = Debug|Win32
		{4D09D6B6-C35F-406F-9D94-12328CA8EB43}.Release|x64.ActiveCfg = Release|x64
		{4D09D6B6-C35F-406F-9D94-12328CA8EB43}.Release|x64.Build.0 = Release|x64
		{4D09D6B6-C35F-406F-9D94-12328CA8EB43}.Release|x86.ActiveCfg = Release|Win32
		{4D09D6B6-C35F-406F-9D94-12328CA8EB43}.Release|x86.Build.0 = Release|Win32
		{8DA2BC71-1B6B-4606-973F-8ADE362EC727}.Debug|x64.ActiveCfg = Debug|x64
		{8DA2BC71-1B6B-4606-973F-8ADE362EC727}.Debug|x64.Build.0 = Debug|x64
		{8DA2BC71-1B6B-4606-973F-8ADE362EC727}.Debug|x86.ActiveCfg = Debug|Win32
		{8DA2BC71-1B6B-4606-973F-8ADE362EC727}.Debug|x86.Build.0 = Debug|Win32
		{8DA2BC71-1B6B-4606-973F-8ADE362EC727}.Release|x64.ActiveCfg = Release|x64
		{8DA2BC71-1B6B-4606-973F-8ADE362EC727}.Release|x64.Build.0 = Release|x64
		{8DA2BC71-1B6B-4606-973F-8ADE362EC727}.Release|x86.ActiveCfg = Release|Win32
		{8DA2BC71-1B6B-4606-973F-8ADE362EC727}.Release|x86.Build.0 = Release|Win32
		{9B4487F7-9E4A-4AD5-A3BC-60FA5A35216C}.Debug|x64.ActiveCfg = Debug|x64
		{9B4487F7-9E4A-4AD5-A3BC-60FA5A35216C}.Debug|x64.Build.0 = Debug|x64
		{9B4487F7-9E4A-4AD5-A3BC-60FA5A35216C}.Debug|x86.ActiveCfg = Debug|Win32
		{9B4487F7-9E4A-4AD5-A3BC-60FA5A35216C}.Debug|x86.Build.0 = Debug|Win32
		{9B4487F7-9E4A-4AD5-A3BC-60FA5A35216C}.Release|x64.ActiveCfg = Release|x64
		{9B4487F7-9E4A-4AD5-A3BC-60FA5A35216C}.Release|x64.Build.0 = Release|x64
		{9B4487F7-9E4A-4AD5-A3BC-60FA5A35216C}.Release|x86.ActiveCfg = Release|Win32
		{9B4487F7-9E4A-4AD5-A3BC-60FA5A35216C}.Release|x86.Build.0 = Release|Win32
		{528FFAFC-3687-41A8-B61B-36462B39555C}.Debug|x64.ActiveCfg = Debug|x64
		{528FFAFC-3687-41A8-B61B-36462B39555C}.Debug|x64.Build.0 = Debug|x64
		{528FFAFC-3687-41A8-B61B-36462B39555C}.Debug|x86.ActiveCfg = Debug|Win32
		{528FFAFC-3687-41A8-B61B-36462B39555C}.Debug|x86.Build.0 = Debug|Win32
		{528FFAFC-3687-41A8-B61B-36462B39555C}.Release|x64.ActiveCfg = Release|x64
		{528FFAFC-3687-41A8-B61B-36462B39555C}.Release|x64.Build.0 = Release|x64
		{528FFAFC-3687-41A8-B61B-36462B39555C}.Release|x86.ActiveCfg = Release|Win32
		{528FFAFC-3687-41A8-B61B-36462B39555C}.Release|x86.Build.0 = Release|Win32
		{4D2747C9-EC3B-44BC-B627-AFFB78218384}.Debug|x64.ActiveCfg = Debug|x64
		{4D2747C9-EC3B-44BC-B627-AFFB78218384}.Debug|x64.Build.0 = Debug|x64
		{4D2747C9-EC3B-44BC-B627-AFFB78218384}.Debug|x86.ActiveCfg = Debug|Win32
		{4D2747C9-EC3B-44BC-B627-AFFB78218384}.Debug|x86.Build.0 = Debug|Win32
		{4D2747C9-EC3B-44BC-B627-AFFB78218384}.Release|x64.ActiveCfg = Release|x64
		{4D2747C9-EC3B-44BC-B627-AFFB78218384}.Release|x64.Build.0 = Release|x64
		{4D2747C9-EC3B-44BC-B627-AFFB78218384}.Release|x86.ActiveCfg = Release|Win32
		{4D2747C9-EC3B-44BC-B627-AFFB78218384}.Release|x86.Build.0 = Release|Win32
		{E42C0E97-F860-4A89-8655-CB45203FDBEF}.Debug|x64.ActiveCfg = Debug|x64
		{E42C0E97-F860-4A89-8655-CB45203FDBEF}.Debug|x64.Build.0 = Debug|x64
		{E42C0E97-F860-4A89-8655-CB45203FDBEF}.Debug|x86.ActiveCfg = Debug|Win32
		{E42C0E97-F860-4A89-8655-CB45203FDBEF}.Debug|x86.Build.0 = Debug|Win32
		{E42C0E97-F860-4A89-8655-CB45203FDBEF}.Release|x64.ActiveCfg = Release|x64
		{E42C0E97-F860-4A89-8655-CB45203FDBEF}.Release|x64.Build.0 = Release|x64
		{E42C0E97-F860-4A89-8655-CB45203FDBEF}.Release|x86.ActiveCfg = Release|Win32
		{E42C0E97-F860-4A89-8655-CB45203FDBEF}.Release|x86.Build.0 = Release|Win32
		{C9E516C7-261D-4F8F-A4E4-23BC61246CF8}.Debug|x64.ActiveCfg = Debug|x64
		{C9E516C7-261D-4F8F-A4E4-23BC61246CF8}.Debug|x64.Build.0 = Debug|x64
		{C9E516C7-261D-4F8F-A4E4-23BC61246CF8}.Debug|x86.ActiveCfg = Debug|Win32
		{C9E516C7-261D-4F8F-A4E4-23BC61246CF8}.Debug|x86.Build.0 = Debug|Win32
		{C9E516C7-261D-4F8F-A4E4-23BC61246CF8}.Release|x64.ActiveCfg = Release|x64
		{C9E516C7-261D-4F8F-A4E4-23BC61246CF8}.Release|x64.Build.0 = Release|x64
		{C9E516C7-261D-4F8F-A4E4-23BC61246CF8}.Release|x86.ActiveCfg = Release|Win32
		{C9E516C7-261D-4F8F-A4E4-23BC61246CF8}.Release|x86.Build.0 = Release|Win32
		{0B7C1BA5-0BDD-474F-8300-1C8F6EF1FFEA}.Debug|x64.ActiveCfg = Debug|x64
		{0B7C1BA5-0BDD-474F-8300-1C8F6EF1FFEA}.Debug|x64.Build.0 = Debug|x64
		{0B7C1BA5-0BDD-474F-8300-1C8F6EF1FFEA}.Debug|x86.ActiveCfg = Debug|Win32
		{0B7C1BA5-0BDD-474F-8300-1C8F6EF1FFEA}.Debug|x86.Build.0 = Debug|Win32
		{0B7C1BA5-0BDD-474F-8300-1C8F6EF1FFEA}.Release|x64.ActiveCfg = Release|x64
		{0B7C1BA5-0BDD-474F-8300-1C8F6EF1FFEA}.Release|x64.Build.0 = Release|x64
		{0B7C1BA5-0BDD-474F-8300-1C8F6EF1FFEA}.Release|x86.ActiveCfg = Release|Win32
		{0B7C1BA5-0BDD-474F-8300-1C8F6EF1FFEA}.Release|x86.Build.0 = Release|Win32
		{A456E7E4-B125-493E-B54E-25424C2FBB9A}.Debug|x64.ActiveCfg = Debug|x64
		{A456E7E4-B125-493E-B54E-25424C2FBB9A}.Debug|x64.Build.0 = Debug|x64
		{A456E7E4-B125-493E-B54E-25424C2FBB9A}.Debug|x86.ActiveCfg = Debug|Win32
		{A456E7E4-B125-493E-B54E-25424C2FBB9A}.Debug|x86.Build.0 = Debug|Win32
		{A456E7E4-B125-493E-B54E-25424C2FBB9A}.Release|x64.ActiveCfg = Release|x64
		{A456E7E4-B125-493E-B54E-25424C2FBB9A}.Release|x64.Build.0 = Release|x64
		{A456E7E4-B125-493E-B54E-25424C2FBB9A}.Release|x86.ActiveCfg = Release|Win32
		{A456E7E4-B125-493E-B54E-25424C2FBB9A}.Release|x86.Build.0 = Release|Win32
		{3F1EA60A-E3FE-49A6-89A8-B240179591EA}.Debug|x64.ActiveCfg = Debug|x64
		{3F1EA60A-E3FE-49A6-89A8-B240179591EA}.Debug|x64.Build.0 = Debug|x64
		{3F1EA60A-E3FE-49A6-89A8-B240179591EA}.Debug|x86.ActiveCfg = Debug|Win32
		{3F1EA60A-E3FE-49A6-89A8-B240179591EA}.Debug|x86.Build.0 = Debug|Win32
		{3F1EA60A-E3FE-49A6-89A8-B240179591EA}.Release|x64.ActiveCfg = Release|x64
		{3F1EA60A-E3FE-49A6-89A8-B240179591EA}.Release|x64.Build.0 = Release|x64
		{3F1EA60A-E3FE-49A6-89A8-B240179591EA}.Release|x86.ActiveCfg = Release|Win32
		{3F1EA60A-E3FE-49A6-89A8-B240179591EA}.Release|x86.Build.0 = Release|Win32
		{9ED0FAC8-B840-46E1-884F-A0401BE48082}.Debug|x64.ActiveCfg = Debug|x64
		{9ED0FAC8-B840-46E1-884F-A0401BE48082}.Debug|x64.Build.0 = Debug|x64
		{9ED0FAC8-B840-46E1-884F-A0401BE48082}.Debug|x86.ActiveCfg = Debug|Win32
		{9ED0FAC8-B840-46E1-884F-A0401BE48082}.Debug|x86.Build.0 = Debug|Win32
		{9ED0FAC8-B840-46E1-884F-A0401BE48082}.Release|x64.ActiveCfg = Release|x64
		{9ED0FAC8-B840-46E1-884F-A0401BE48082}.Release|x64.Build.0 = Release|x64
		{9ED0FAC8-B840-46E1-884F-A0401BE48082}.Release|x86.ActiveCfg = Release|Win32
		{9ED0FAC8-B840-46E1-884F-A0401BE48082}.Release|x86.Build.0 = Release|Win32
		{C54D166A-E38A-4C9B-A1A8-6F6FF6B65D22}.Debug|x64.ActiveCfg = Debug|x64
		{C54D166A-E38A-4C9B-A1A8-6F6FF6B65D22}.Debug|x64.Build.0 = Debug|x64
		{C54D166A-E38A-4C9B-A1A8-6F6FF6B65D22}.Debug|x86.ActiveCfg = Debug|Win32
		{C54D166A-E38A-4C9B-A1A8-6F6FF6B65D22}.Debug|x86.Build.0 = Debug|Win32
		{C54D166A-E38A-4C9B-A1A8-6F6FF6B65D22}.Release|x64.ActiveCfg = Release|x64
		{C54D166A-E38A-4C9B-A1A8-6F6FF6B65D22}.Release|x64.Build.0 = Release|x64
		{C54D166A-E38A-4C9B-A1A8-6F6FF6B65D22}.Release|x86.ActiveCfg = Release|Win32
		{C54D166A-E38A-4C9B-A1A8-6F6FF6B65D22}.Release|x86.Build.0 = Release|Win32
		{D72C7195-D768-4B2F-A24C-DA115CDA7F6B}.Debug|x64.ActiveCfg = Debug|x64
		{D72C7195-D768-4B2F-A24C-DA115CDA7F6B}.Debug|x64.Build.0 = Debug|x64
		{D72C7195-D768-4B2F-A24C-DA115CDA7F6B}.Debug|x86.ActiveCfg = Debug|Win32
		{D72C7195-D768-4B2F-A24C-DA115CDA7F6B}.Debug|x86.Build.0 = Debug|Win32
		{D72C7195-D768-4B2F-A24C-DA115CDA7F6B}.Release|x64.ActiveCfg = Release|x64
		{D72C7195-D768-4B2F-A24C-DA115CDA7F6B}.Release|x64.Build.0 = Release|x64
		{D72C7195-D768-4B2F-A24C-DA115CDA7F6B}.Release|x86.ActiveCfg = Release|Win32
		{D72C7195-D768-4B2F-A24C-DA115CDA7F6B}.Release|x86.Build.0 = Release|Win32
		{711E46DA-FA5E-43B7-BE11-E2A6907FFE64}.Debug|x64.ActiveCfg = Debug|x64
		{711E46DA-FA5E-43B7-BE11-E2A6907FFE64}.Debug|x64.Build.0 = Debug|x64
		{711E46DA-FA5E-43B7-BE11-E2A6907FFE64}.Debug|x86.ActiveCfg = Debug|Win32
		{711E46DA-FA5E-43B7-BE11-E2A6907FFE64}.Debug|x86.Build.0 = Debug|Win32
		{711E46DA-FA5E-43B7-BE11-E2A6907FFE64}.Release|x64.ActiveCfg = Release|x64
		{711E46DA-FA5E-43B7-BE11-E2A6907FFE64}.Release|x64.Build.0 = Release|x64
		{711E46DA-FA5E-43B7-BE11-E2A6907FFE64}.Release|x86.ActiveCfg = Release|Win32
		{711E46DA-FA5E-43B7-BE11-E2A6907FFE64}.Release|x86.Build.0 = Release|Win32
		{C507AD0A-885E-4638-B81F-9F793FD1C9E9}.Debug|x64.ActiveCfg = Debug|x64
		{C507AD0A-885E-4638-B81F-9F793FD1C9E9}.Debug|x64.Build.0 = Debug|x64
		{C507AD0A-885E-4638-B81F-9F793FD1C9E9}.Debug|x86.ActiveCfg = Debug|Win32
		{C507AD0A-885E-4638-B81F-9F793FD1C9E9}.Debug|x86.Build.0 = Debug|Win32
		{C507AD0A-885E-4638-B81F-9F793FD1C9E9}.Release|x64.ActiveCfg = Release|x64
		{C507AD0A-885E-4638-B81F-9F793FD1C9E9}.Release|x64.Build.0 = Release|x64
		{C507AD0A-885E-4638-B81F-9F793FD1C9E9}.Release|x86.ActiveCfg = Release|Win32
		{C507AD0A-885E-4638-B81F-9F793FD1C9E9}.Release|x86.Build.0 = Release|Win32
		{8537CEFD-C6AA-4543-A96C-1E995A312518}.Debug|x64.ActiveCfg = Debug|x64
		{8537CEFD-C6AA-4543-A96C-1E995A312518}.Debug|x64.Build.0 = Debug|x64
		{8537CEFD-C6AA-4543-A96C-1E995A312518}.Debug|x86.ActiveCfg = Debug|Win32
		{8537CEFD-C6AA-4543-A96C-1E995A312518}.Debug|x86.Build.0 = Debug|Win32
		{8537CEFD-C6AA-4543-A96C-1E995A312518}.Release|x64.ActiveCfg = Release|x64
		{8537CEFD-C6AA-4543-A96C-1E995A312518}.Release|x64.Build.0 = Release|x64
		{8537CEFD-C6AA-4543-A96C-1E995A312518}.Release|x86.ActiveCfg = Release|Win32
		{8537CEFD-C6AA-4543-A96C-1E995A312518}.Release|x86.Build.0 = Release|Win32
		{DE8F3828-031E-41A6-8A54-AD0EEC326938}.Debug|x64.ActiveCfg = Debug|x64
		{DE8F3828-031E-41A6-8A54-AD0EEC326938}.Debug|x64.Build.0 = Debug|x64
		{DE8F3828-031E-41A6-8A54-AD0EEC326938}.Debug|x86.ActiveCfg = Debug|Win32
		{DE8F3828-031E-41A6-8A54-AD0EEC326938}.Debug|x86.Build.0 = Debug|Win32
		{DE8F3828-031E-41A6-8A54-AD0EEC326938}.Release|x64.ActiveCfg = Release|x64
		{DE8F3828-031E-41A6-8A54-AD0EEC326938}.Release|x64.Build.0 = Release|x64
		{DE8F3828-031E-41A6-8A54-AD0EEC326938}.Release|x86.ActiveCfg = Release|Win32
		{DE8F3828-031E-41A6-8A54-AD0EEC326938}.Release|x86.Build.0 = Release|Win32
		{57D87A46-A6FB-4BAA-B454-071790921BC9}.Debug|x64.ActiveCfg = Debug|x64
		{57D87A46-A6FB-4BAA-B454-071790921BC9}.Debug|x64.Build.0 = Debug|x64
		{57D87A46-A6FB-4BAA-B454-071790921BC9}.Debug|x86.ActiveCfg = Debug|Win32
		{57D87A46-A6FB-4BAA-B454-071790921BC9}.Debug|x86.Build.0 = Debug|Win32
		{57D87A46-A6FB-4BAA-B454-071790921BC9}.Release|x64.ActiveCfg = Release|x64
		{57D87A46-A6FB-4BAA-B454-071790921BC9}.Release|x64.Build.0 = Release|x64
		{57D87A46-A6FB-4BAA-B454-071790921BC9}.Release|x86.ActiveCfg = Release|Win32
		{57D87A46-A6FB-4BAA-B454-071790921BC9}.Release|x86.Build.0 = Release|Win32
	EndGlobalSection
	GlobalSection(SolutionProperties) = preSolution
		HideSolutionNode = FALSE
	EndGlobalSection
	GlobalSection(ExtensibilityGlobals) = postSolution
		SolutionGuid = {0C919D39-E28C-48C9-ABC4-AD6FD2B5A370}
	EndGlobalSection
EndGlobal
