Microsoft Visual Studio Solution File, Format Version 12.00
# Visual Studio Version 16
VisualStudioVersion = 16.0.30611.23
MinimumVisualStudioVersion = 10.0.40219.1
Project("{8BC9CEB8-8B4A-11D0-8D11-00A0C91BC942}") = "class_defaults", "class_defaults\class_defaults.vcxproj", "{18F71F5F-4040-4B79-B8AC-77751FD06C90}"
EndProject
Project("{8BC9CEB8-8B4A-11D0-8D11-00A0C91BC942}") = "sfinae", "sfinae\sfinae.vcxproj", "{67D8590E-99B1-428D-BC22-34199495F7B5}"
EndProject
Project("{8BC9CEB8-8B4A-11D0-8D11-00A0C91BC942}") = "user_defined_conversion", "user_defined_conversion\user_defined_conversion.vcxproj", "{98C0B1C5-54E4-4806-A2E2-14827CF3E7BA}"
EndProject
Project("{8BC9CEB8-8B4A-11D0-8D11-00A0C91BC942}") = "extern", "extern\extern.vcxproj", "{487BAE7E-A11D-4563-9FB7-676F64A448C6}"
EndProject
Project("{8BC9CEB8-8B4A-11D0-8D11-00A0C91BC942}") = "std_atomic", "std_atomic\std_atomic.vcxproj", "{7182DE77-7C33-4034-B741-646BCB77EA56}"
EndProject
Project("{8BC9CEB8-8B4A-11D0-8D11-00A0C91BC942}") = "struct", "struct\struct.vcxproj", "{200E9663-7E72-4F20-A35E-FF3F5A45FE94}"
EndProject
Project("{8BC9CEB8-8B4A-11D0-8D11-00A0C91BC942}") = "virtual_methods", "virtual_methods\virtual_methods.vcxproj", "{0C2B1967-1623-421A-BB25-77AA61CD368B}"
EndProject
Project("{8BC9CEB8-8B4A-11D0-8D11-00A0C91BC942}") = "std_intitializer_list", "intitializer_list\intitializer_list\intitializer_list.vcxproj", "{8DF62A3E-EED6-491F-8BD8-104CAB284070}"
EndProject
Project("{8BC9CEB8-8B4A-11D0-8D11-00A0C91BC942}") = "__super", "__super\__super.vcxproj", "{21171B99-0E33-4874-BF75-735835DB96FA}"
EndProject
Project("{8BC9CEB8-8B4A-11D0-8D11-00A0C91BC942}") = "raii", "raii\raii.vcxproj", "{4B3B8DD7-6759-426C-A25A-06CA80290F6A}"
EndProject
Project("{8BC9CEB8-8B4A-11D0-8D11-00A0C91BC942}") = "std_any", "std_any\std_any.vcxproj", "{4B9D94E5-6C70-4F35-8668-AC346994883D}"
EndProject
Project("{8BC9CEB8-8B4A-11D0-8D11-00A0C91BC942}") = "constexpr", "constexpr\constexpr.vcxproj", "{4D09D6B6-C35F-406F-9D94-12328CA8EB43}"
EndProject
Project("{8BC9CEB8-8B4A-11D0-8D11-00A0C91BC942}") = "std_string", "std_string\std_string.vcxproj", "{8DA2BC71-1B6B-4606-973F-8ADE362EC727}"
EndProject
Project("{8BC9CEB8-8B4A-11D0-8D11-00A0C91BC942}") = "std_map", "std_map\std_map.vcxproj", "{9B4487F7-9E4A-4AD5-A3BC-60FA5A35216C}"
EndProject
Project("{8BC9CEB8-8B4A-11D0-8D11-00A0C91BC942}") = "reference", "reference\reference.vcxproj", "{528FFAFC-3687-41A8-B61B-36462B39555C}"
EndProject
Project("{8BC9CEB8-8B4A-11D0-8D11-00A0C91BC942}") = "__asm", "asm\asm.vcxproj", "{4D2747C9-EC3B-44BC-B627-AFFB78218384}"
EndProject
Project("{8BC9CEB8-8B4A-11D0-8D11-00A0C91BC942}") = "pointer", "pointer\pointer.vcxproj", "{E42C0E97-F860-4A89-8655-CB45203FDBEF}"
EndProject
Project("{8BC9CEB8-8B4A-11D0-8D11-00A0C91BC942}") = "constructor_exception", "constructor_exception\constructor_exception.vcxproj", "{C9E516C7-261D-4F8F-A4E4-23BC61246CF8}"
EndProject
Project("{8BC9CEB8-8B4A-11D0-8D11-00A0C91BC942}") = "std_allocator", "std_allocator\std_allocator.vcxproj", "{0B7C1BA5-0BDD-474F-8300-1C8F6EF1FFEA}"
EndProject
Project("{8BC9CEB8-8B4A-11D0-8D11-00A0C91BC942}") = "member_access_operators", "member_access_operators\member_access_operators.vcxproj", "{A456E7E4-B125-493E-B54E-25424C2FBB9A}"
EndProject
Project("{8BC9CEB8-8B4A-11D0-8D11-00A0C91BC942}") = "operator_new", "operator_new\operator_new.vcxproj", "{3F1EA60A-E3FE-49A6-89A8-B240179591EA}"
EndProject
Project("{8BC9CEB8-8B4A-11D0-8D11-00A0C91BC942}") = "concept_compare", "concept_compare\concept_compare.vcxproj", "{9ED0FAC8-B840-46E1-884F-A0401BE48082}"
EndProject
Project("{8BC9CEB8-8B4A-11D0-8D11-00A0C91BC942}") = "std_vector", "std_vector\std_vector.vcxproj", "{C54D166A-E38A-4C9B-A1A8-6F6FF6B65D22}"
EndProject
Project("{8BC9CEB8-8B4A-11D0-8D11-00A0C91BC942}") = "std_list", "std_list\std_list.vcxproj", "{D72C7195-D768-4B2F-A24C-DA115CDA7F6B}"
EndProject
Project("{8BC9CEB8-8B4A-11D0-8D11-00A0C91BC942}") = "std_shared_ptr", "std_shared_ptr\std_shared_ptr.vcxproj", "{711E46DA-FA5E-43B7-BE11-E2A6907FFE64}"
EndProject
Project("{8BC9CEB8-8B4A-11D0-8D11-00A0C91BC942}") = "std_unique_ptr", "std_unique_ptr\std_unique_ptr.vcxproj", "{C507AD0A-885E-4638-B81F-9F793FD1C9E9}"
EndProject
Project("{8BC9CEB8-8B4A-11D0-8D11-00A0C91BC942}") = "std_condition_variable", "std_condition_variable\std_condition_variable.vcxproj", "{8537CEFD-C6AA-4543-A96C-1E995A312518}"
EndProject
Project("{8BC9CEB8-8B4A-11D0-8D11-00A0C91BC942}") = "value_category", "value_category\value_category.vcxproj", "{DE8F3828-031E-41A6-8A54-AD0EEC326938}"
EndProject
Project("{8BC9CEB8-8B4A-11D0-8D11-00A0C91BC942}") = "iterator_debug_level", "iterator_debug_level\iterator_debug_level.vcxproj", "{57D87A46-A6FB-4BAA-B454-071790921BC9}"
EndProject
Project("{8BC9CEB8-8B4A-11D0-8D11-00A0C91BC942}") = "operator_overloading", "operator_overloading\operator_overloading.vcxproj", "{485DD0B7-2D2D-4D56-9DC0-8E5D363D2723}"
EndProject
Project("{8BC9CEB8-8B4A-11D0-8D11-00A0C91BC942}") = "std_move", "std_move\std_move.vcxproj", "{19DC5D78-5410-4DFA-95AB-A586AC770984}"
EndProject
Project("{8BC9CEB8-8B4A-11D0-8D11-00A0C91BC942}") = "struct_hiearachy", "struct_hiearachy\struct_hiearachy.vcxproj", "{FA38763C-20C9-4692-9B92-07C3171BFF35}"
EndProject
Project("{8BC9CEB8-8B4A-11D0-8D11-00A0C91BC942}") = "union", "union\union.vcxproj", "{BA3216CC-0AC4-4B77-BFB6-1FB403E90D3F}"
EndProject
Project("{8BC9CEB8-8B4A-11D0-8D11-00A0C91BC942}") = "noexcept", "noexcept\noexcept.vcxproj", "{290EBB2E-5077-44E0-8BC2-972136178E80}"
EndProject
Project("{8BC9CEB8-8B4A-11D0-8D11-00A0C91BC942}") = "member_function_pointer", "member_function_pointer\member_function_pointer.vcxproj", "{9C977FEE-B32D-43BA-9119-22E32D7B8B9E}"
EndProject
Project("{8BC9CEB8-8B4A-11D0-8D11-00A0C91BC942}") = "double", "double\double.vcxproj", "{DAD07281-62F6-46A5-B1E8-F65569F3B2D1}"
EndProject
Project("{8BC9CEB8-8B4A-11D0-8D11-00A0C91BC942}") = "function_try_block", "function_try_block\function_try_block.vcxproj", "{D11E34AD-02A5-4DB9-858F-FFF7F0FEB0AF}"
EndProject
Project("{8BC9CEB8-8B4A-11D0-8D11-00A0C91BC942}") = "ref_qualifier", "ref_qualifier\ref_qualifier.vcxproj", "{03B4C1DB-4918-4D3F-8FCD-C50A9C4B098F}"
EndProject
Project("{8BC9CEB8-8B4A-11D0-8D11-00A0C91BC942}") = "alternative_operator_names", "alternative_operator_names\alternative_operator_names.vcxproj", "{F9EA9059-D7B1-47E3-B85D-63663BDC5E12}"
EndProject
Project("{8BC9CEB8-8B4A-11D0-8D11-00A0C91BC942}") = "forwarding_references", "forwarding_references\forwarding_references.vcxproj", "{15516C40-9327-4E10-8A27-44E4AEF36C38}"
EndProject
Project("{8BC9CEB8-8B4A-11D0-8D11-00A0C91BC942}") = "const", "const\const.vcxproj", "{7064A9C0-7CBE-46AD-AF22-8C49D30A32F5}"
EndProject
Project("{8BC9CEB8-8B4A-11D0-8D11-00A0C91BC942}") = "function_variadric_args", "function_variadric_args\function_variadric_args.vcxproj", "{91F7270E-0455-492A-BEFF-D3CFA376EEDF}"
EndProject
Project("{8BC9CEB8-8B4A-11D0-8D11-00A0C91BC942}") = "std_packaged_task", "std_packaged_task\std_packaged_task.vcxproj", "{1E102DCC-C388-49E5-BA76-1C2984FD3AF3}"
EndProject
Project("{8BC9CEB8-8B4A-11D0-8D11-00A0C91BC942}") = "std_bind", "std_bind\std_bind.vcxproj", "{833D3192-DB05-41FD-80C8-85FF90CF1DB7}"
EndProject
Project("{8BC9CEB8-8B4A-11D0-8D11-00A0C91BC942}") = "std_invoke", "std_invoke\std_invoke.vcxproj", "{4F038316-F436-485B-B957-BBD91A5CB678}"
EndProject
Project("{8BC9CEB8-8B4A-11D0-8D11-00A0C91BC942}") = "std_mem_fn", "std_mem_fn\std_mem_fn.vcxproj", "{1B33A506-9C42-4FBA-922D-1531EA53BDAD}"
EndProject
Project("{8BC9CEB8-8B4A-11D0-8D11-00A0C91BC942}") = "structured_binding", "structured_binding\structured_binding.vcxproj", "{CB56C4DC-D333-4EF8-AE76-18DC6DBB9A34}"
EndProject
Project("{8BC9CEB8-8B4A-11D0-8D11-00A0C91BC942}") = "std_filesystem_path", "std_filesystem_path\std_filesystem_path.vcxproj", "{D6B5989F-604D-446D-8ABE-B87EE499B9F0}"
EndProject
Project("{8BC9CEB8-8B4A-11D0-8D11-00A0C91BC942}") = "std_ref", "std_ref\std_ref.vcxproj", "{2CC30610-9D52-4C6F-AFBE-7ADE02950553}"
EndProject
Project("{8BC9CEB8-8B4A-11D0-8D11-00A0C91BC942}") = "lambda", "lambda\lambda.vcxproj", "{FFCFAFC3-E314-46BF-BB9F-CBF743BDB376}"
EndProject
Project("{8BC9CEB8-8B4A-11D0-8D11-00A0C91BC942}") = "std_apply", "std_apply\std_apply.vcxproj", "{E42CA4F5-676E-4864-BEED-7BE9F99155FB}"
EndProject
Project("{8BC9CEB8-8B4A-11D0-8D11-00A0C91BC942}") = "std_variant", "std_variant\std_variant.vcxproj", "{B2478C8A-BA1F-48D6-A5DB-23120D1E2B52}"
EndProject
Project("{8BC9CEB8-8B4A-11D0-8D11-00A0C91BC942}") = "template_inherited_types", "template_inherited_types\template_inherited_types.vcxproj", "{1D5A6ED1-D409-47AA-A66A-F21C00AFD643}"
EndProject
Project("{8BC9CEB8-8B4A-11D0-8D11-00A0C91BC942}") = "forward_declaration", "forward_declaration\forward_declaration.vcxproj", "{350A572E-834D-49B6-97EA-E36F26549105}"
EndProject
Project("{8BC9CEB8-8B4A-11D0-8D11-00A0C91BC942}") = "call_operator", "call_operator\call_operator.vcxproj", "{D22BBE2E-FAC3-424F-ACBC-1665FA508F62}"
EndProject
Global
	GlobalSection(SolutionConfigurationPlatforms) = preSolution
		Debug|x64 = Debug|x64
		Debug|x86 = Debug|x86
		Release|x64 = Release|x64
		Release|x86 = Release|x86
	EndGlobalSection
	GlobalSection(ProjectConfigurationPlatforms) = postSolution
		{18F71F5F-4040-4B79-B8AC-77751FD06C90}.Debug|x64.ActiveCfg = Debug|x64
		{18F71F5F-4040-4B79-B8AC-77751FD06C90}.Debug|x64.Build.0 = Debug|x64
		{18F71F5F-4040-4B79-B8AC-77751FD06C90}.Debug|x86.ActiveCfg = Debug|Win32
		{18F71F5F-4040-4B79-B8AC-77751FD06C90}.Debug|x86.Build.0 = Debug|Win32
		{18F71F5F-4040-4B79-B8AC-77751FD06C90}.Release|x64.ActiveCfg = Release|x64
		{18F71F5F-4040-4B79-B8AC-77751FD06C90}.Release|x64.Build.0 = Release|x64
		{18F71F5F-4040-4B79-B8AC-77751FD06C90}.Release|x86.ActiveCfg = Release|Win32
		{18F71F5F-4040-4B79-B8AC-77751FD06C90}.Release|x86.Build.0 = Release|Win32
		{67D8590E-99B1-428D-BC22-34199495F7B5}.Debug|x64.ActiveCfg = Debug|x64
		{67D8590E-99B1-428D-BC22-34199495F7B5}.Debug|x64.Build.0 = Debug|x64
		{67D8590E-99B1-428D-BC22-34199495F7B5}.Debug|x86.ActiveCfg = Debug|Win32
		{67D8590E-99B1-428D-BC22-34199495F7B5}.Debug|x86.Build.0 = Debug|Win32
		{67D8590E-99B1-428D-BC22-34199495F7B5}.Release|x64.ActiveCfg = Release|x64
		{67D8590E-99B1-428D-BC22-34199495F7B5}.Release|x64.Build.0 = Release|x64
		{67D8590E-99B1-428D-BC22-34199495F7B5}.Release|x86.ActiveCfg = Release|Win32
		{67D8590E-99B1-428D-BC22-34199495F7B5}.Release|x86.Build.0 = Release|Win32
		{98C0B1C5-54E4-4806-A2E2-14827CF3E7BA}.Debug|x64.ActiveCfg = Debug|x64
		{98C0B1C5-54E4-4806-A2E2-14827CF3E7BA}.Debug|x64.Build.0 = Debug|x64
		{98C0B1C5-54E4-4806-A2E2-14827CF3E7BA}.Debug|x86.ActiveCfg = Debug|Win32
		{98C0B1C5-54E4-4806-A2E2-14827CF3E7BA}.Debug|x86.Build.0 = Debug|Win32
		{98C0B1C5-54E4-4806-A2E2-14827CF3E7BA}.Release|x64.ActiveCfg = Release|x64
		{98C0B1C5-54E4-4806-A2E2-14827CF3E7BA}.Release|x64.Build.0 = Release|x64
		{98C0B1C5-54E4-4806-A2E2-14827CF3E7BA}.Release|x86.ActiveCfg = Release|Win32
		{98C0B1C5-54E4-4806-A2E2-14827CF3E7BA}.Release|x86.Build.0 = Release|Win32
		{487BAE7E-A11D-4563-9FB7-676F64A448C6}.Debug|x64.ActiveCfg = Debug|x64
		{487BAE7E-A11D-4563-9FB7-676F64A448C6}.Debug|x64.Build.0 = Debug|x64
		{487BAE7E-A11D-4563-9FB7-676F64A448C6}.Debug|x86.ActiveCfg = Debug|Win32
		{487BAE7E-A11D-4563-9FB7-676F64A448C6}.Debug|x86.Build.0 = Debug|Win32
		{487BAE7E-A11D-4563-9FB7-676F64A448C6}.Release|x64.ActiveCfg = Release|x64
		{487BAE7E-A11D-4563-9FB7-676F64A448C6}.Release|x64.Build.0 = Release|x64
		{487BAE7E-A11D-4563-9FB7-676F64A448C6}.Release|x86.ActiveCfg = Release|Win32
		{487BAE7E-A11D-4563-9FB7-676F64A448C6}.Release|x86.Build.0 = Release|Win32
		{7182DE77-7C33-4034-B741-646BCB77EA56}.Debug|x64.ActiveCfg = Debug|x64
		{7182DE77-7C33-4034-B741-646BCB77EA56}.Debug|x64.Build.0 = Debug|x64
		{7182DE77-7C33-4034-B741-646BCB77EA56}.Debug|x86.ActiveCfg = Debug|Win32
		{7182DE77-7C33-4034-B741-646BCB77EA56}.Debug|x86.Build.0 = Debug|Win32
		{7182DE77-7C33-4034-B741-646BCB77EA56}.Release|x64.ActiveCfg = Release|x64
		{7182DE77-7C33-4034-B741-646BCB77EA56}.Release|x64.Build.0 = Release|x64
		{7182DE77-7C33-4034-B741-646BCB77EA56}.Release|x86.ActiveCfg = Release|Win32
		{7182DE77-7C33-4034-B741-646BCB77EA56}.Release|x86.Build.0 = Release|Win32
		{200E9663-7E72-4F20-A35E-FF3F5A45FE94}.Debug|x64.ActiveCfg = Debug|x64
		{200E9663-7E72-4F20-A35E-FF3F5A45FE94}.Debug|x64.Build.0 = Debug|x64
		{200E9663-7E72-4F20-A35E-FF3F5A45FE94}.Debug|x86.ActiveCfg = Debug|Win32
		{200E9663-7E72-4F20-A35E-FF3F5A45FE94}.Debug|x86.Build.0 = Debug|Win32
		{200E9663-7E72-4F20-A35E-FF3F5A45FE94}.Release|x64.ActiveCfg = Release|x64
		{200E9663-7E72-4F20-A35E-FF3F5A45FE94}.Release|x64.Build.0 = Release|x64
		{200E9663-7E72-4F20-A35E-FF3F5A45FE94}.Release|x86.ActiveCfg = Release|Win32
		{200E9663-7E72-4F20-A35E-FF3F5A45FE94}.Release|x86.Build.0 = Release|Win32
		{0C2B1967-1623-421A-BB25-77AA61CD368B}.Debug|x64.ActiveCfg = Debug|x64
		{0C2B1967-1623-421A-BB25-77AA61CD368B}.Debug|x64.Build.0 = Debug|x64
		{0C2B1967-1623-421A-BB25-77AA61CD368B}.Debug|x86.ActiveCfg = Debug|Win32
		{0C2B1967-1623-421A-BB25-77AA61CD368B}.Debug|x86.Build.0 = Debug|Win32
		{0C2B1967-1623-421A-BB25-77AA61CD368B}.Release|x64.ActiveCfg = Release|x64
		{0C2B1967-1623-421A-BB25-77AA61CD368B}.Release|x64.Build.0 = Release|x64
		{0C2B1967-1623-421A-BB25-77AA61CD368B}.Release|x86.ActiveCfg = Release|Win32
		{0C2B1967-1623-421A-BB25-77AA61CD368B}.Release|x86.Build.0 = Release|Win32
		{8DF62A3E-EED6-491F-8BD8-104CAB284070}.Debug|x64.ActiveCfg = Debug|x64
		{8DF62A3E-EED6-491F-8BD8-104CAB284070}.Debug|x64.Build.0 = Debug|x64
		{8DF62A3E-EED6-491F-8BD8-104CAB284070}.Debug|x86.ActiveCfg = Debug|Win32
		{8DF62A3E-EED6-491F-8BD8-104CAB284070}.Debug|x86.Build.0 = Debug|Win32
		{8DF62A3E-EED6-491F-8BD8-104CAB284070}.Release|x64.ActiveCfg = Release|x64
		{8DF62A3E-EED6-491F-8BD8-104CAB284070}.Release|x64.Build.0 = Release|x64
		{8DF62A3E-EED6-491F-8BD8-104CAB284070}.Release|x86.ActiveCfg = Release|Win32
		{8DF62A3E-EED6-491F-8BD8-104CAB284070}.Release|x86.Build.0 = Release|Win32
		{21171B99-0E33-4874-BF75-735835DB96FA}.Debug|x64.ActiveCfg = Debug|x64
		{21171B99-0E33-4874-BF75-735835DB96FA}.Debug|x64.Build.0 = Debug|x64
		{21171B99-0E33-4874-BF75-735835DB96FA}.Debug|x86.ActiveCfg = Debug|Win32
		{21171B99-0E33-4874-BF75-735835DB96FA}.Debug|x86.Build.0 = Debug|Win32
		{21171B99-0E33-4874-BF75-735835DB96FA}.Release|x64.ActiveCfg = Release|x64
		{21171B99-0E33-4874-BF75-735835DB96FA}.Release|x64.Build.0 = Release|x64
		{21171B99-0E33-4874-BF75-735835DB96FA}.Release|x86.ActiveCfg = Release|Win32
		{21171B99-0E33-4874-BF75-735835DB96FA}.Release|x86.Build.0 = Release|Win32
		{4B3B8DD7-6759-426C-A25A-06CA80290F6A}.Debug|x64.ActiveCfg = Debug|x64
		{4B3B8DD7-6759-426C-A25A-06CA80290F6A}.Debug|x64.Build.0 = Debug|x64
		{4B3B8DD7-6759-426C-A25A-06CA80290F6A}.Debug|x86.ActiveCfg = Debug|Win32
		{4B3B8DD7-6759-426C-A25A-06CA80290F6A}.Debug|x86.Build.0 = Debug|Win32
		{4B3B8DD7-6759-426C-A25A-06CA80290F6A}.Release|x64.ActiveCfg = Release|x64
		{4B3B8DD7-6759-426C-A25A-06CA80290F6A}.Release|x64.Build.0 = Release|x64
		{4B3B8DD7-6759-426C-A25A-06CA80290F6A}.Release|x86.ActiveCfg = Release|Win32
		{4B3B8DD7-6759-426C-A25A-06CA80290F6A}.Release|x86.Build.0 = Release|Win32
		{4B9D94E5-6C70-4F35-8668-AC346994883D}.Debug|x64.ActiveCfg = Debug|x64
		{4B9D94E5-6C70-4F35-8668-AC346994883D}.Debug|x64.Build.0 = Debug|x64
		{4B9D94E5-6C70-4F35-8668-AC346994883D}.Debug|x86.ActiveCfg = Debug|Win32
		{4B9D94E5-6C70-4F35-8668-AC346994883D}.Debug|x86.Build.0 = Debug|Win32
		{4B9D94E5-6C70-4F35-8668-AC346994883D}.Release|x64.ActiveCfg = Release|x64
		{4B9D94E5-6C70-4F35-8668-AC346994883D}.Release|x64.Build.0 = Release|x64
		{4B9D94E5-6C70-4F35-8668-AC346994883D}.Release|x86.ActiveCfg = Release|Win32
		{4B9D94E5-6C70-4F35-8668-AC346994883D}.Release|x86.Build.0 = Release|Win32
		{4D09D6B6-C35F-406F-9D94-12328CA8EB43}.Debug|x64.ActiveCfg = Debug|x64
		{4D09D6B6-C35F-406F-9D94-12328CA8EB43}.Debug|x64.Build.0 = Debug|x64
		{4D09D6B6-C35F-406F-9D94-12328CA8EB43}.Debug|x86.ActiveCfg = Debug|Win32
		{4D09D6B6-C35F-406F-9D94-12328CA8EB43}.Debug|x86.Build.0 = Debug|Win32
		{4D09D6B6-C35F-406F-9D94-12328CA8EB43}.Release|x64.ActiveCfg = Release|x64
		{4D09D6B6-C35F-406F-9D94-12328CA8EB43}.Release|x64.Build.0 = Release|x64
		{4D09D6B6-C35F-406F-9D94-12328CA8EB43}.Release|x86.ActiveCfg = Release|Win32
		{4D09D6B6-C35F-406F-9D94-12328CA8EB43}.Release|x86.Build.0 = Release|Win32
		{8DA2BC71-1B6B-4606-973F-8ADE362EC727}.Debug|x64.ActiveCfg = Debug|x64
		{8DA2BC71-1B6B-4606-973F-8ADE362EC727}.Debug|x64.Build.0 = Debug|x64
		{8DA2BC71-1B6B-4606-973F-8ADE362EC727}.Debug|x86.ActiveCfg = Debug|Win32
		{8DA2BC71-1B6B-4606-973F-8ADE362EC727}.Debug|x86.Build.0 = Debug|Win32
		{8DA2BC71-1B6B-4606-973F-8ADE362EC727}.Release|x64.ActiveCfg = Release|x64
		{8DA2BC71-1B6B-4606-973F-8ADE362EC727}.Release|x64.Build.0 = Release|x64
		{8DA2BC71-1B6B-4606-973F-8ADE362EC727}.Release|x86.ActiveCfg = Release|Win32
		{8DA2BC71-1B6B-4606-973F-8ADE362EC727}.Release|x86.Build.0 = Release|Win32
		{9B4487F7-9E4A-4AD5-A3BC-60FA5A35216C}.Debug|x64.ActiveCfg = Debug|x64
		{9B4487F7-9E4A-4AD5-A3BC-60FA5A35216C}.Debug|x64.Build.0 = Debug|x64
		{9B4487F7-9E4A-4AD5-A3BC-60FA5A35216C}.Debug|x86.ActiveCfg = Debug|Win32
		{9B4487F7-9E4A-4AD5-A3BC-60FA5A35216C}.Debug|x86.Build.0 = Debug|Win32
		{9B4487F7-9E4A-4AD5-A3BC-60FA5A35216C}.Release|x64.ActiveCfg = Release|x64
		{9B4487F7-9E4A-4AD5-A3BC-60FA5A35216C}.Release|x64.Build.0 = Release|x64
		{9B4487F7-9E4A-4AD5-A3BC-60FA5A35216C}.Release|x86.ActiveCfg = Release|Win32
		{9B4487F7-9E4A-4AD5-A3BC-60FA5A35216C}.Release|x86.Build.0 = Release|Win32
		{528FFAFC-3687-41A8-B61B-36462B39555C}.Debug|x64.ActiveCfg = Debug|x64
		{528FFAFC-3687-41A8-B61B-36462B39555C}.Debug|x64.Build.0 = Debug|x64
		{528FFAFC-3687-41A8-B61B-36462B39555C}.Debug|x86.ActiveCfg = Debug|Win32
		{528FFAFC-3687-41A8-B61B-36462B39555C}.Debug|x86.Build.0 = Debug|Win32
		{528FFAFC-3687-41A8-B61B-36462B39555C}.Release|x64.ActiveCfg = Release|x64
		{528FFAFC-3687-41A8-B61B-36462B39555C}.Release|x64.Build.0 = Release|x64
		{528FFAFC-3687-41A8-B61B-36462B39555C}.Release|x86.ActiveCfg = Release|Win32
		{528FFAFC-3687-41A8-B61B-36462B39555C}.Release|x86.Build.0 = Release|Win32
		{4D2747C9-EC3B-44BC-B627-AFFB78218384}.Debug|x64.ActiveCfg = Debug|x64
		{4D2747C9-EC3B-44BC-B627-AFFB78218384}.Debug|x64.Build.0 = Debug|x64
		{4D2747C9-EC3B-44BC-B627-AFFB78218384}.Debug|x86.ActiveCfg = Debug|Win32
		{4D2747C9-EC3B-44BC-B627-AFFB78218384}.Debug|x86.Build.0 = Debug|Win32
		{4D2747C9-EC3B-44BC-B627-AFFB78218384}.Release|x64.ActiveCfg = Release|x64
		{4D2747C9-EC3B-44BC-B627-AFFB78218384}.Release|x64.Build.0 = Release|x64
		{4D2747C9-EC3B-44BC-B627-AFFB78218384}.Release|x86.ActiveCfg = Release|Win32
		{4D2747C9-EC3B-44BC-B627-AFFB78218384}.Release|x86.Build.0 = Release|Win32
		{E42C0E97-F860-4A89-8655-CB45203FDBEF}.Debug|x64.ActiveCfg = Debug|x64
		{E42C0E97-F860-4A89-8655-CB45203FDBEF}.Debug|x64.Build.0 = Debug|x64
		{E42C0E97-F860-4A89-8655-CB45203FDBEF}.Debug|x86.ActiveCfg = Debug|Win32
		{E42C0E97-F860-4A89-8655-CB45203FDBEF}.Debug|x86.Build.0 = Debug|Win32
		{E42C0E97-F860-4A89-8655-CB45203FDBEF}.Release|x64.ActiveCfg = Release|x64
		{E42C0E97-F860-4A89-8655-CB45203FDBEF}.Release|x64.Build.0 = Release|x64
		{E42C0E97-F860-4A89-8655-CB45203FDBEF}.Release|x86.ActiveCfg = Release|Win32
		{E42C0E97-F860-4A89-8655-CB45203FDBEF}.Release|x86.Build.0 = Release|Win32
		{C9E516C7-261D-4F8F-A4E4-23BC61246CF8}.Debug|x64.ActiveCfg = Debug|x64
		{C9E516C7-261D-4F8F-A4E4-23BC61246CF8}.Debug|x64.Build.0 = Debug|x64
		{C9E516C7-261D-4F8F-A4E4-23BC61246CF8}.Debug|x86.ActiveCfg = Debug|Win32
		{C9E516C7-261D-4F8F-A4E4-23BC61246CF8}.Debug|x86.Build.0 = Debug|Win32
		{C9E516C7-261D-4F8F-A4E4-23BC61246CF8}.Release|x64.ActiveCfg = Release|x64
		{C9E516C7-261D-4F8F-A4E4-23BC61246CF8}.Release|x64.Build.0 = Release|x64
		{C9E516C7-261D-4F8F-A4E4-23BC61246CF8}.Release|x86.ActiveCfg = Release|Win32
		{C9E516C7-261D-4F8F-A4E4-23BC61246CF8}.Release|x86.Build.0 = Release|Win32
		{0B7C1BA5-0BDD-474F-8300-1C8F6EF1FFEA}.Debug|x64.ActiveCfg = Debug|x64
		{0B7C1BA5-0BDD-474F-8300-1C8F6EF1FFEA}.Debug|x64.Build.0 = Debug|x64
		{0B7C1BA5-0BDD-474F-8300-1C8F6EF1FFEA}.Debug|x86.ActiveCfg = Debug|Win32
		{0B7C1BA5-0BDD-474F-8300-1C8F6EF1FFEA}.Debug|x86.Build.0 = Debug|Win32
		{0B7C1BA5-0BDD-474F-8300-1C8F6EF1FFEA}.Release|x64.ActiveCfg = Release|x64
		{0B7C1BA5-0BDD-474F-8300-1C8F6EF1FFEA}.Release|x64.Build.0 = Release|x64
		{0B7C1BA5-0BDD-474F-8300-1C8F6EF1FFEA}.Release|x86.ActiveCfg = Release|Win32
		{0B7C1BA5-0BDD-474F-8300-1C8F6EF1FFEA}.Release|x86.Build.0 = Release|Win32
		{A456E7E4-B125-493E-B54E-25424C2FBB9A}.Debug|x64.ActiveCfg = Debug|x64
		{A456E7E4-B125-493E-B54E-25424C2FBB9A}.Debug|x64.Build.0 = Debug|x64
		{A456E7E4-B125-493E-B54E-25424C2FBB9A}.Debug|x86.ActiveCfg = Debug|Win32
		{A456E7E4-B125-493E-B54E-25424C2FBB9A}.Debug|x86.Build.0 = Debug|Win32
		{A456E7E4-B125-493E-B54E-25424C2FBB9A}.Release|x64.ActiveCfg = Release|x64
		{A456E7E4-B125-493E-B54E-25424C2FBB9A}.Release|x64.Build.0 = Release|x64
		{A456E7E4-B125-493E-B54E-25424C2FBB9A}.Release|x86.ActiveCfg = Release|Win32
		{A456E7E4-B125-493E-B54E-25424C2FBB9A}.Release|x86.Build.0 = Release|Win32
		{3F1EA60A-E3FE-49A6-89A8-B240179591EA}.Debug|x64.ActiveCfg = Debug|x64
		{3F1EA60A-E3FE-49A6-89A8-B240179591EA}.Debug|x64.Build.0 = Debug|x64
		{3F1EA60A-E3FE-49A6-89A8-B240179591EA}.Debug|x86.ActiveCfg = Debug|Win32
		{3F1EA60A-E3FE-49A6-89A8-B240179591EA}.Debug|x86.Build.0 = Debug|Win32
		{3F1EA60A-E3FE-49A6-89A8-B240179591EA}.Release|x64.ActiveCfg = Release|x64
		{3F1EA60A-E3FE-49A6-89A8-B240179591EA}.Release|x64.Build.0 = Release|x64
		{3F1EA60A-E3FE-49A6-89A8-B240179591EA}.Release|x86.ActiveCfg = Release|Win32
		{3F1EA60A-E3FE-49A6-89A8-B240179591EA}.Release|x86.Build.0 = Release|Win32
		{9ED0FAC8-B840-46E1-884F-A0401BE48082}.Debug|x64.ActiveCfg = Debug|x64
		{9ED0FAC8-B840-46E1-884F-A0401BE48082}.Debug|x64.Build.0 = Debug|x64
		{9ED0FAC8-B840-46E1-884F-A0401BE48082}.Debug|x86.ActiveCfg = Debug|Win32
		{9ED0FAC8-B840-46E1-884F-A0401BE48082}.Debug|x86.Build.0 = Debug|Win32
		{9ED0FAC8-B840-46E1-884F-A0401BE48082}.Release|x64.ActiveCfg = Release|x64
		{9ED0FAC8-B840-46E1-884F-A0401BE48082}.Release|x64.Build.0 = Release|x64
		{9ED0FAC8-B840-46E1-884F-A0401BE48082}.Release|x86.ActiveCfg = Release|Win32
		{9ED0FAC8-B840-46E1-884F-A0401BE48082}.Release|x86.Build.0 = Release|Win32
		{C54D166A-E38A-4C9B-A1A8-6F6FF6B65D22}.Debug|x64.ActiveCfg = Debug|x64
		{C54D166A-E38A-4C9B-A1A8-6F6FF6B65D22}.Debug|x64.Build.0 = Debug|x64
		{C54D166A-E38A-4C9B-A1A8-6F6FF6B65D22}.Debug|x86.ActiveCfg = Debug|Win32
		{C54D166A-E38A-4C9B-A1A8-6F6FF6B65D22}.Debug|x86.Build.0 = Debug|Win32
		{C54D166A-E38A-4C9B-A1A8-6F6FF6B65D22}.Release|x64.ActiveCfg = Release|x64
		{C54D166A-E38A-4C9B-A1A8-6F6FF6B65D22}.Release|x64.Build.0 = Release|x64
		{C54D166A-E38A-4C9B-A1A8-6F6FF6B65D22}.Release|x86.ActiveCfg = Release|Win32
		{C54D166A-E38A-4C9B-A1A8-6F6FF6B65D22}.Release|x86.Build.0 = Release|Win32
		{D72C7195-D768-4B2F-A24C-DA115CDA7F6B}.Debug|x64.ActiveCfg = Debug|x64
		{D72C7195-D768-4B2F-A24C-DA115CDA7F6B}.Debug|x64.Build.0 = Debug|x64
		{D72C7195-D768-4B2F-A24C-DA115CDA7F6B}.Debug|x86.ActiveCfg = Debug|Win32
		{D72C7195-D768-4B2F-A24C-DA115CDA7F6B}.Debug|x86.Build.0 = Debug|Win32
		{D72C7195-D768-4B2F-A24C-DA115CDA7F6B}.Release|x64.ActiveCfg = Release|x64
		{D72C7195-D768-4B2F-A24C-DA115CDA7F6B}.Release|x64.Build.0 = Release|x64
		{D72C7195-D768-4B2F-A24C-DA115CDA7F6B}.Release|x86.ActiveCfg = Release|Win32
		{D72C7195-D768-4B2F-A24C-DA115CDA7F6B}.Release|x86.Build.0 = Release|Win32
		{711E46DA-FA5E-43B7-BE11-E2A6907FFE64}.Debug|x64.ActiveCfg = Debug|x64
		{711E46DA-FA5E-43B7-BE11-E2A6907FFE64}.Debug|x64.Build.0 = Debug|x64
		{711E46DA-FA5E-43B7-BE11-E2A6907FFE64}.Debug|x86.ActiveCfg = Debug|Win32
		{711E46DA-FA5E-43B7-BE11-E2A6907FFE64}.Debug|x86.Build.0 = Debug|Win32
		{711E46DA-FA5E-43B7-BE11-E2A6907FFE64}.Release|x64.ActiveCfg = Release|x64
		{711E46DA-FA5E-43B7-BE11-E2A6907FFE64}.Release|x64.Build.0 = Release|x64
		{711E46DA-FA5E-43B7-BE11-E2A6907FFE64}.Release|x86.ActiveCfg = Release|Win32
		{711E46DA-FA5E-43B7-BE11-E2A6907FFE64}.Release|x86.Build.0 = Release|Win32
		{C507AD0A-885E-4638-B81F-9F793FD1C9E9}.Debug|x64.ActiveCfg = Debug|x64
		{C507AD0A-885E-4638-B81F-9F793FD1C9E9}.Debug|x64.Build.0 = Debug|x64
		{C507AD0A-885E-4638-B81F-9F793FD1C9E9}.Debug|x86.ActiveCfg = Debug|Win32
		{C507AD0A-885E-4638-B81F-9F793FD1C9E9}.Debug|x86.Build.0 = Debug|Win32
		{C507AD0A-885E-4638-B81F-9F793FD1C9E9}.Release|x64.ActiveCfg = Release|x64
		{C507AD0A-885E-4638-B81F-9F793FD1C9E9}.Release|x64.Build.0 = Release|x64
		{C507AD0A-885E-4638-B81F-9F793FD1C9E9}.Release|x86.ActiveCfg = Release|Win32
		{C507AD0A-885E-4638-B81F-9F793FD1C9E9}.Release|x86.Build.0 = Release|Win32
		{8537CEFD-C6AA-4543-A96C-1E995A312518}.Debug|x64.ActiveCfg = Debug|x64
		{8537CEFD-C6AA-4543-A96C-1E995A312518}.Debug|x64.Build.0 = Debug|x64
		{8537CEFD-C6AA-4543-A96C-1E995A312518}.Debug|x86.ActiveCfg = Debug|Win32
		{8537CEFD-C6AA-4543-A96C-1E995A312518}.Debug|x86.Build.0 = Debug|Win32
		{8537CEFD-C6AA-4543-A96C-1E995A312518}.Release|x64.ActiveCfg = Release|x64
		{8537CEFD-C6AA-4543-A96C-1E995A312518}.Release|x64.Build.0 = Release|x64
		{8537CEFD-C6AA-4543-A96C-1E995A312518}.Release|x86.ActiveCfg = Release|Win32
		{8537CEFD-C6AA-4543-A96C-1E995A312518}.Release|x86.Build.0 = Release|Win32
		{DE8F3828-031E-41A6-8A54-AD0EEC326938}.Debug|x64.ActiveCfg = Debug|x64
		{DE8F3828-031E-41A6-8A54-AD0EEC326938}.Debug|x64.Build.0 = Debug|x64
		{DE8F3828-031E-41A6-8A54-AD0EEC326938}.Debug|x86.ActiveCfg = Debug|Win32
		{DE8F3828-031E-41A6-8A54-AD0EEC326938}.Debug|x86.Build.0 = Debug|Win32
		{DE8F3828-031E-41A6-8A54-AD0EEC326938}.Release|x64.ActiveCfg = Release|x64
		{DE8F3828-031E-41A6-8A54-AD0EEC326938}.Release|x64.Build.0 = Release|x64
		{DE8F3828-031E-41A6-8A54-AD0EEC326938}.Release|x86.ActiveCfg = Release|Win32
		{DE8F3828-031E-41A6-8A54-AD0EEC326938}.Release|x86.Build.0 = Release|Win32
		{57D87A46-A6FB-4BAA-B454-071790921BC9}.Debug|x64.ActiveCfg = Debug|x64
		{57D87A46-A6FB-4BAA-B454-071790921BC9}.Debug|x86.ActiveCfg = Debug|Win32
		{57D87A46-A6FB-4BAA-B454-071790921BC9}.Release|x64.ActiveCfg = Release|x64
		{57D87A46-A6FB-4BAA-B454-071790921BC9}.Release|x86.ActiveCfg = Release|Win32
		{485DD0B7-2D2D-4D56-9DC0-8E5D363D2723}.Debug|x64.ActiveCfg = Debug|x64
		{485DD0B7-2D2D-4D56-9DC0-8E5D363D2723}.Debug|x64.Build.0 = Debug|x64
		{485DD0B7-2D2D-4D56-9DC0-8E5D363D2723}.Debug|x86.ActiveCfg = Debug|Win32
		{485DD0B7-2D2D-4D56-9DC0-8E5D363D2723}.Debug|x86.Build.0 = Debug|Win32
		{485DD0B7-2D2D-4D56-9DC0-8E5D363D2723}.Release|x64.ActiveCfg = Release|x64
		{485DD0B7-2D2D-4D56-9DC0-8E5D363D2723}.Release|x64.Build.0 = Release|x64
		{485DD0B7-2D2D-4D56-9DC0-8E5D363D2723}.Release|x86.ActiveCfg = Release|Win32
		{485DD0B7-2D2D-4D56-9DC0-8E5D363D2723}.Release|x86.Build.0 = Release|Win32
		{19DC5D78-5410-4DFA-95AB-A586AC770984}.Debug|x64.ActiveCfg = Debug|x64
		{19DC5D78-5410-4DFA-95AB-A586AC770984}.Debug|x64.Build.0 = Debug|x64
		{19DC5D78-5410-4DFA-95AB-A586AC770984}.Debug|x86.ActiveCfg = Debug|Win32
		{19DC5D78-5410-4DFA-95AB-A586AC770984}.Debug|x86.Build.0 = Debug|Win32
		{19DC5D78-5410-4DFA-95AB-A586AC770984}.Release|x64.ActiveCfg = Release|x64
		{19DC5D78-5410-4DFA-95AB-A586AC770984}.Release|x64.Build.0 = Release|x64
		{19DC5D78-5410-4DFA-95AB-A586AC770984}.Release|x86.ActiveCfg = Release|Win32
		{19DC5D78-5410-4DFA-95AB-A586AC770984}.Release|x86.Build.0 = Release|Win32
		{FA38763C-20C9-4692-9B92-07C3171BFF35}.Debug|x64.ActiveCfg = Debug|x64
		{FA38763C-20C9-4692-9B92-07C3171BFF35}.Debug|x64.Build.0 = Debug|x64
		{FA38763C-20C9-4692-9B92-07C3171BFF35}.Debug|x86.ActiveCfg = Debug|Win32
		{FA38763C-20C9-4692-9B92-07C3171BFF35}.Debug|x86.Build.0 = Debug|Win32
		{FA38763C-20C9-4692-9B92-07C3171BFF35}.Release|x64.ActiveCfg = Release|x64
		{FA38763C-20C9-4692-9B92-07C3171BFF35}.Release|x64.Build.0 = Release|x64
		{FA38763C-20C9-4692-9B92-07C3171BFF35}.Release|x86.ActiveCfg = Release|Win32
		{FA38763C-20C9-4692-9B92-07C3171BFF35}.Release|x86.Build.0 = Release|Win32
		{BA3216CC-0AC4-4B77-BFB6-1FB403E90D3F}.Debug|x64.ActiveCfg = Debug|x64
		{BA3216CC-0AC4-4B77-BFB6-1FB403E90D3F}.Debug|x64.Build.0 = Debug|x64
		{BA3216CC-0AC4-4B77-BFB6-1FB403E90D3F}.Debug|x86.ActiveCfg = Debug|Win32
		{BA3216CC-0AC4-4B77-BFB6-1FB403E90D3F}.Debug|x86.Build.0 = Debug|Win32
		{BA3216CC-0AC4-4B77-BFB6-1FB403E90D3F}.Release|x64.ActiveCfg = Release|x64
		{BA3216CC-0AC4-4B77-BFB6-1FB403E90D3F}.Release|x64.Build.0 = Release|x64
		{BA3216CC-0AC4-4B77-BFB6-1FB403E90D3F}.Release|x86.ActiveCfg = Release|Win32
		{BA3216CC-0AC4-4B77-BFB6-1FB403E90D3F}.Release|x86.Build.0 = Release|Win32
		{290EBB2E-5077-44E0-8BC2-972136178E80}.Debug|x64.ActiveCfg = Debug|x64
		{290EBB2E-5077-44E0-8BC2-972136178E80}.Debug|x64.Build.0 = Debug|x64
		{290EBB2E-5077-44E0-8BC2-972136178E80}.Debug|x86.ActiveCfg = Debug|Win32
		{290EBB2E-5077-44E0-8BC2-972136178E80}.Debug|x86.Build.0 = Debug|Win32
		{290EBB2E-5077-44E0-8BC2-972136178E80}.Release|x64.ActiveCfg = Release|x64
		{290EBB2E-5077-44E0-8BC2-972136178E80}.Release|x64.Build.0 = Release|x64
		{290EBB2E-5077-44E0-8BC2-972136178E80}.Release|x86.ActiveCfg = Release|Win32
		{290EBB2E-5077-44E0-8BC2-972136178E80}.Release|x86.Build.0 = Release|Win32
		{9C977FEE-B32D-43BA-9119-22E32D7B8B9E}.Debug|x64.ActiveCfg = Debug|x64
		{9C977FEE-B32D-43BA-9119-22E32D7B8B9E}.Debug|x64.Build.0 = Debug|x64
		{9C977FEE-B32D-43BA-9119-22E32D7B8B9E}.Debug|x86.ActiveCfg = Debug|Win32
		{9C977FEE-B32D-43BA-9119-22E32D7B8B9E}.Debug|x86.Build.0 = Debug|Win32
		{9C977FEE-B32D-43BA-9119-22E32D7B8B9E}.Release|x64.ActiveCfg = Release|x64
		{9C977FEE-B32D-43BA-9119-22E32D7B8B9E}.Release|x64.Build.0 = Release|x64
		{9C977FEE-B32D-43BA-9119-22E32D7B8B9E}.Release|x86.ActiveCfg = Release|Win32
		{9C977FEE-B32D-43BA-9119-22E32D7B8B9E}.Release|x86.Build.0 = Release|Win32
		{DAD07281-62F6-46A5-B1E8-F65569F3B2D1}.Debug|x64.ActiveCfg = Debug|x64
		{DAD07281-62F6-46A5-B1E8-F65569F3B2D1}.Debug|x64.Build.0 = Debug|x64
		{DAD07281-62F6-46A5-B1E8-F65569F3B2D1}.Debug|x86.ActiveCfg = Debug|Win32
		{DAD07281-62F6-46A5-B1E8-F65569F3B2D1}.Debug|x86.Build.0 = Debug|Win32
		{DAD07281-62F6-46A5-B1E8-F65569F3B2D1}.Release|x64.ActiveCfg = Release|x64
		{DAD07281-62F6-46A5-B1E8-F65569F3B2D1}.Release|x64.Build.0 = Release|x64
		{DAD07281-62F6-46A5-B1E8-F65569F3B2D1}.Release|x86.ActiveCfg = Release|Win32
		{DAD07281-62F6-46A5-B1E8-F65569F3B2D1}.Release|x86.Build.0 = Release|Win32
		{D11E34AD-02A5-4DB9-858F-FFF7F0FEB0AF}.Debug|x64.ActiveCfg = Debug|x64
		{D11E34AD-02A5-4DB9-858F-FFF7F0FEB0AF}.Debug|x64.Build.0 = Debug|x64
		{D11E34AD-02A5-4DB9-858F-FFF7F0FEB0AF}.Debug|x86.ActiveCfg = Debug|Win32
		{D11E34AD-02A5-4DB9-858F-FFF7F0FEB0AF}.Debug|x86.Build.0 = Debug|Win32
		{D11E34AD-02A5-4DB9-858F-FFF7F0FEB0AF}.Release|x64.ActiveCfg = Release|x64
		{D11E34AD-02A5-4DB9-858F-FFF7F0FEB0AF}.Release|x64.Build.0 = Release|x64
		{D11E34AD-02A5-4DB9-858F-FFF7F0FEB0AF}.Release|x86.ActiveCfg = Release|Win32
		{D11E34AD-02A5-4DB9-858F-FFF7F0FEB0AF}.Release|x86.Build.0 = Release|Win32
		{03B4C1DB-4918-4D3F-8FCD-C50A9C4B098F}.Debug|x64.ActiveCfg = Debug|x64
		{03B4C1DB-4918-4D3F-8FCD-C50A9C4B098F}.Debug|x64.Build.0 = Debug|x64
		{03B4C1DB-4918-4D3F-8FCD-C50A9C4B098F}.Debug|x86.ActiveCfg = Debug|Win32
		{03B4C1DB-4918-4D3F-8FCD-C50A9C4B098F}.Debug|x86.Build.0 = Debug|Win32
		{03B4C1DB-4918-4D3F-8FCD-C50A9C4B098F}.Release|x64.ActiveCfg = Release|x64
		{03B4C1DB-4918-4D3F-8FCD-C50A9C4B098F}.Release|x64.Build.0 = Release|x64
		{03B4C1DB-4918-4D3F-8FCD-C50A9C4B098F}.Release|x86.ActiveCfg = Release|Win32
		{03B4C1DB-4918-4D3F-8FCD-C50A9C4B098F}.Release|x86.Build.0 = Release|Win32
		{F9EA9059-D7B1-47E3-B85D-63663BDC5E12}.Debug|x64.ActiveCfg = Debug|x64
		{F9EA9059-D7B1-47E3-B85D-63663BDC5E12}.Debug|x64.Build.0 = Debug|x64
		{F9EA9059-D7B1-47E3-B85D-63663BDC5E12}.Debug|x86.ActiveCfg = Debug|Win32
		{F9EA9059-D7B1-47E3-B85D-63663BDC5E12}.Debug|x86.Build.0 = Debug|Win32
		{F9EA9059-D7B1-47E3-B85D-63663BDC5E12}.Release|x64.ActiveCfg = Release|x64
		{F9EA9059-D7B1-47E3-B85D-63663BDC5E12}.Release|x64.Build.0 = Release|x64
		{F9EA9059-D7B1-47E3-B85D-63663BDC5E12}.Release|x86.ActiveCfg = Release|Win32
		{F9EA9059-D7B1-47E3-B85D-63663BDC5E12}.Release|x86.Build.0 = Release|Win32
		{15516C40-9327-4E10-8A27-44E4AEF36C38}.Debug|x64.ActiveCfg = Debug|x64
		{15516C40-9327-4E10-8A27-44E4AEF36C38}.Debug|x64.Build.0 = Debug|x64
		{15516C40-9327-4E10-8A27-44E4AEF36C38}.Debug|x86.ActiveCfg = Debug|Win32
		{15516C40-9327-4E10-8A27-44E4AEF36C38}.Debug|x86.Build.0 = Debug|Win32
		{15516C40-9327-4E10-8A27-44E4AEF36C38}.Release|x64.ActiveCfg = Release|x64
		{15516C40-9327-4E10-8A27-44E4AEF36C38}.Release|x64.Build.0 = Release|x64
		{15516C40-9327-4E10-8A27-44E4AEF36C38}.Release|x86.ActiveCfg = Release|Win32
		{15516C40-9327-4E10-8A27-44E4AEF36C38}.Release|x86.Build.0 = Release|Win32
		{7064A9C0-7CBE-46AD-AF22-8C49D30A32F5}.Debug|x64.ActiveCfg = Debug|x64
		{7064A9C0-7CBE-46AD-AF22-8C49D30A32F5}.Debug|x64.Build.0 = Debug|x64
		{7064A9C0-7CBE-46AD-AF22-8C49D30A32F5}.Debug|x86.ActiveCfg = Debug|Win32
		{7064A9C0-7CBE-46AD-AF22-8C49D30A32F5}.Debug|x86.Build.0 = Debug|Win32
		{7064A9C0-7CBE-46AD-AF22-8C49D30A32F5}.Release|x64.ActiveCfg = Release|x64
		{7064A9C0-7CBE-46AD-AF22-8C49D30A32F5}.Release|x64.Build.0 = Release|x64
		{7064A9C0-7CBE-46AD-AF22-8C49D30A32F5}.Release|x86.ActiveCfg = Release|Win32
		{7064A9C0-7CBE-46AD-AF22-8C49D30A32F5}.Release|x86.Build.0 = Release|Win32
		{91F7270E-0455-492A-BEFF-D3CFA376EEDF}.Debug|x64.ActiveCfg = Debug|x64
		{91F7270E-0455-492A-BEFF-D3CFA376EEDF}.Debug|x64.Build.0 = Debug|x64
		{91F7270E-0455-492A-BEFF-D3CFA376EEDF}.Debug|x86.ActiveCfg = Debug|Win32
		{91F7270E-0455-492A-BEFF-D3CFA376EEDF}.Debug|x86.Build.0 = Debug|Win32
		{91F7270E-0455-492A-BEFF-D3CFA376EEDF}.Release|x64.ActiveCfg = Release|x64
		{91F7270E-0455-492A-BEFF-D3CFA376EEDF}.Release|x64.Build.0 = Release|x64
		{91F7270E-0455-492A-BEFF-D3CFA376EEDF}.Release|x86.ActiveCfg = Release|Win32
		{91F7270E-0455-492A-BEFF-D3CFA376EEDF}.Release|x86.Build.0 = Release|Win32
		{1E102DCC-C388-49E5-BA76-1C2984FD3AF3}.Debug|x64.ActiveCfg = Debug|x64
		{1E102DCC-C388-49E5-BA76-1C2984FD3AF3}.Debug|x64.Build.0 = Debug|x64
		{1E102DCC-C388-49E5-BA76-1C2984FD3AF3}.Debug|x86.ActiveCfg = Debug|Win32
		{1E102DCC-C388-49E5-BA76-1C2984FD3AF3}.Debug|x86.Build.0 = Debug|Win32
		{1E102DCC-C388-49E5-BA76-1C2984FD3AF3}.Release|x64.ActiveCfg = Release|x64
		{1E102DCC-C388-49E5-BA76-1C2984FD3AF3}.Release|x64.Build.0 = Release|x64
		{1E102DCC-C388-49E5-BA76-1C2984FD3AF3}.Release|x86.ActiveCfg = Release|Win32
		{1E102DCC-C388-49E5-BA76-1C2984FD3AF3}.Release|x86.Build.0 = Release|Win32
		{833D3192-DB05-41FD-80C8-85FF90CF1DB7}.Debug|x64.ActiveCfg = Debug|x64
		{833D3192-DB05-41FD-80C8-85FF90CF1DB7}.Debug|x64.Build.0 = Debug|x64
		{833D3192-DB05-41FD-80C8-85FF90CF1DB7}.Debug|x86.ActiveCfg = Debug|Win32
		{833D3192-DB05-41FD-80C8-85FF90CF1DB7}.Debug|x86.Build.0 = Debug|Win32
		{833D3192-DB05-41FD-80C8-85FF90CF1DB7}.Release|x64.ActiveCfg = Release|x64
		{833D3192-DB05-41FD-80C8-85FF90CF1DB7}.Release|x64.Build.0 = Release|x64
		{833D3192-DB05-41FD-80C8-85FF90CF1DB7}.Release|x86.ActiveCfg = Release|Win32
		{833D3192-DB05-41FD-80C8-85FF90CF1DB7}.Release|x86.Build.0 = Release|Win32
		{4F038316-F436-485B-B957-BBD91A5CB678}.Debug|x64.ActiveCfg = Debug|x64
		{4F038316-F436-485B-B957-BBD91A5CB678}.Debug|x64.Build.0 = Debug|x64
		{4F038316-F436-485B-B957-BBD91A5CB678}.Debug|x86.ActiveCfg = Debug|Win32
		{4F038316-F436-485B-B957-BBD91A5CB678}.Debug|x86.Build.0 = Debug|Win32
		{4F038316-F436-485B-B957-BBD91A5CB678}.Release|x64.ActiveCfg = Release|x64
		{4F038316-F436-485B-B957-BBD91A5CB678}.Release|x64.Build.0 = Release|x64
		{4F038316-F436-485B-B957-BBD91A5CB678}.Release|x86.ActiveCfg = Release|Win32
		{4F038316-F436-485B-B957-BBD91A5CB678}.Release|x86.Build.0 = Release|Win32
		{1B33A506-9C42-4FBA-922D-1531EA53BDAD}.Debug|x64.ActiveCfg = Debug|x64
		{1B33A506-9C42-4FBA-922D-1531EA53BDAD}.Debug|x64.Build.0 = Debug|x64
		{1B33A506-9C42-4FBA-922D-1531EA53BDAD}.Debug|x86.ActiveCfg = Debug|Win32
		{1B33A506-9C42-4FBA-922D-1531EA53BDAD}.Debug|x86.Build.0 = Debug|Win32
		{1B33A506-9C42-4FBA-922D-1531EA53BDAD}.Release|x64.ActiveCfg = Release|x64
		{1B33A506-9C42-4FBA-922D-1531EA53BDAD}.Release|x64.Build.0 = Release|x64
		{1B33A506-9C42-4FBA-922D-1531EA53BDAD}.Release|x86.ActiveCfg = Release|Win32
		{1B33A506-9C42-4FBA-922D-1531EA53BDAD}.Release|x86.Build.0 = Release|Win32
		{CB56C4DC-D333-4EF8-AE76-18DC6DBB9A34}.Debug|x64.ActiveCfg = Debug|x64
		{CB56C4DC-D333-4EF8-AE76-18DC6DBB9A34}.Debug|x64.Build.0 = Debug|x64
		{CB56C4DC-D333-4EF8-AE76-18DC6DBB9A34}.Debug|x86.ActiveCfg = Debug|Win32
		{CB56C4DC-D333-4EF8-AE76-18DC6DBB9A34}.Debug|x86.Build.0 = Debug|Win32
		{CB56C4DC-D333-4EF8-AE76-18DC6DBB9A34}.Release|x64.ActiveCfg = Release|x64
		{CB56C4DC-D333-4EF8-AE76-18DC6DBB9A34}.Release|x64.Build.0 = Release|x64
		{CB56C4DC-D333-4EF8-AE76-18DC6DBB9A34}.Release|x86.ActiveCfg = Release|Win32
		{CB56C4DC-D333-4EF8-AE76-18DC6DBB9A34}.Release|x86.Build.0 = Release|Win32
		{D6B5989F-604D-446D-8ABE-B87EE499B9F0}.Debug|x64.ActiveCfg = Debug|x64
		{D6B5989F-604D-446D-8ABE-B87EE499B9F0}.Debug|x64.Build.0 = Debug|x64
		{D6B5989F-604D-446D-8ABE-B87EE499B9F0}.Debug|x86.ActiveCfg = Debug|Win32
		{D6B5989F-604D-446D-8ABE-B87EE499B9F0}.Debug|x86.Build.0 = Debug|Win32
		{D6B5989F-604D-446D-8ABE-B87EE499B9F0}.Release|x64.ActiveCfg = Release|x64
		{D6B5989F-604D-446D-8ABE-B87EE499B9F0}.Release|x64.Build.0 = Release|x64
		{D6B5989F-604D-446D-8ABE-B87EE499B9F0}.Release|x86.ActiveCfg = Release|Win32
		{D6B5989F-604D-446D-8ABE-B87EE499B9F0}.Release|x86.Build.0 = Release|Win32
		{2CC30610-9D52-4C6F-AFBE-7ADE02950553}.Debug|x64.ActiveCfg = Debug|x64
		{2CC30610-9D52-4C6F-AFBE-7ADE02950553}.Debug|x64.Build.0 = Debug|x64
		{2CC30610-9D52-4C6F-AFBE-7ADE02950553}.Debug|x86.ActiveCfg = Debug|Win32
		{2CC30610-9D52-4C6F-AFBE-7ADE02950553}.Debug|x86.Build.0 = Debug|Win32
		{2CC30610-9D52-4C6F-AFBE-7ADE02950553}.Release|x64.ActiveCfg = Release|x64
		{2CC30610-9D52-4C6F-AFBE-7ADE02950553}.Release|x64.Build.0 = Release|x64
		{2CC30610-9D52-4C6F-AFBE-7ADE02950553}.Release|x86.ActiveCfg = Release|Win32
		{2CC30610-9D52-4C6F-AFBE-7ADE02950553}.Release|x86.Build.0 = Release|Win32
		{FFCFAFC3-E314-46BF-BB9F-CBF743BDB376}.Debug|x64.ActiveCfg = Debug|x64
		{FFCFAFC3-E314-46BF-BB9F-CBF743BDB376}.Debug|x64.Build.0 = Debug|x64
		{FFCFAFC3-E314-46BF-BB9F-CBF743BDB376}.Debug|x86.ActiveCfg = Debug|Win32
		{FFCFAFC3-E314-46BF-BB9F-CBF743BDB376}.Debug|x86.Build.0 = Debug|Win32
		{FFCFAFC3-E314-46BF-BB9F-CBF743BDB376}.Release|x64.ActiveCfg = Release|x64
		{FFCFAFC3-E314-46BF-BB9F-CBF743BDB376}.Release|x64.Build.0 = Release|x64
		{FFCFAFC3-E314-46BF-BB9F-CBF743BDB376}.Release|x86.ActiveCfg = Release|Win32
		{FFCFAFC3-E314-46BF-BB9F-CBF743BDB376}.Release|x86.Build.0 = Release|Win32
		{E42CA4F5-676E-4864-BEED-7BE9F99155FB}.Debug|x64.ActiveCfg = Debug|x64
		{E42CA4F5-676E-4864-BEED-7BE9F99155FB}.Debug|x64.Build.0 = Debug|x64
		{E42CA4F5-676E-4864-BEED-7BE9F99155FB}.Debug|x86.ActiveCfg = Debug|Win32
		{E42CA4F5-676E-4864-BEED-7BE9F99155FB}.Debug|x86.Build.0 = Debug|Win32
		{E42CA4F5-676E-4864-BEED-7BE9F99155FB}.Release|x64.ActiveCfg = Release|x64
		{E42CA4F5-676E-4864-BEED-7BE9F99155FB}.Release|x64.Build.0 = Release|x64
		{E42CA4F5-676E-4864-BEED-7BE9F99155FB}.Release|x86.ActiveCfg = Release|Win32
		{E42CA4F5-676E-4864-BEED-7BE9F99155FB}.Release|x86.Build.0 = Release|Win32
		{B2478C8A-BA1F-48D6-A5DB-23120D1E2B52}.Debug|x64.ActiveCfg = Debug|x64
		{B2478C8A-BA1F-48D6-A5DB-23120D1E2B52}.Debug|x64.Build.0 = Debug|x64
		{B2478C8A-BA1F-48D6-A5DB-23120D1E2B52}.Debug|x86.ActiveCfg = Debug|Win32
		{B2478C8A-BA1F-48D6-A5DB-23120D1E2B52}.Debug|x86.Build.0 = Debug|Win32
		{B2478C8A-BA1F-48D6-A5DB-23120D1E2B52}.Release|x64.ActiveCfg = Release|x64
		{B2478C8A-BA1F-48D6-A5DB-23120D1E2B52}.Release|x64.Build.0 = Release|x64
		{B2478C8A-BA1F-48D6-A5DB-23120D1E2B52}.Release|x86.ActiveCfg = Release|Win32
		{B2478C8A-BA1F-48D6-A5DB-23120D1E2B52}.Release|x86.Build.0 = Release|Win32
		{1D5A6ED1-D409-47AA-A66A-F21C00AFD643}.Debug|x64.ActiveCfg = Debug|x64
		{1D5A6ED1-D409-47AA-A66A-F21C00AFD643}.Debug|x64.Build.0 = Debug|x64
		{1D5A6ED1-D409-47AA-A66A-F21C00AFD643}.Debug|x86.ActiveCfg = Debug|Win32
		{1D5A6ED1-D409-47AA-A66A-F21C00AFD643}.Debug|x86.Build.0 = Debug|Win32
		{1D5A6ED1-D409-47AA-A66A-F21C00AFD643}.Release|x64.ActiveCfg = Release|x64
		{1D5A6ED1-D409-47AA-A66A-F21C00AFD643}.Release|x64.Build.0 = Release|x64
		{1D5A6ED1-D409-47AA-A66A-F21C00AFD643}.Release|x86.ActiveCfg = Release|Win32
		{1D5A6ED1-D409-47AA-A66A-F21C00AFD643}.Release|x86.Build.0 = Release|Win32
		{350A572E-834D-49B6-97EA-E36F26549105}.Debug|x64.ActiveCfg = Debug|x64
		{350A572E-834D-49B6-97EA-E36F26549105}.Debug|x64.Build.0 = Debug|x64
		{350A572E-834D-49B6-97EA-E36F26549105}.Debug|x86.ActiveCfg = Debug|Win32
		{350A572E-834D-49B6-97EA-E36F26549105}.Debug|x86.Build.0 = Debug|Win32
		{350A572E-834D-49B6-97EA-E36F26549105}.Release|x64.ActiveCfg = Release|x64
		{350A572E-834D-49B6-97EA-E36F26549105}.Release|x64.Build.0 = Release|x64
		{350A572E-834D-49B6-97EA-E36F26549105}.Release|x86.ActiveCfg = Release|Win32
		{350A572E-834D-49B6-97EA-E36F26549105}.Release|x86.Build.0 = Release|Win32
		{D22BBE2E-FAC3-424F-ACBC-1665FA508F62}.Debug|x64.ActiveCfg = Debug|x64
		{D22BBE2E-FAC3-424F-ACBC-1665FA508F62}.Debug|x64.Build.0 = Debug|x64
		{D22BBE2E-FAC3-424F-ACBC-1665FA508F62}.Debug|x86.ActiveCfg = Debug|Win32
		{D22BBE2E-FAC3-424F-ACBC-1665FA508F62}.Debug|x86.Build.0 = Debug|Win32
		{D22BBE2E-FAC3-424F-ACBC-1665FA508F62}.Release|x64.ActiveCfg = Release|x64
		{D22BBE2E-FAC3-424F-ACBC-1665FA508F62}.Release|x64.Build.0 = Release|x64
		{D22BBE2E-FAC3-424F-ACBC-1665FA508F62}.Release|x86.ActiveCfg = Release|Win32
		{D22BBE2E-FAC3-424F-ACBC-1665FA508F62}.Release|x86.Build.0 = Release|Win32
	EndGlobalSection
	GlobalSection(SolutionProperties) = preSolution
		HideSolutionNode = FALSE
	EndGlobalSection
	GlobalSection(ExtensibilityGlobals) = postSolution
		SolutionGuid = {0C919D39-E28C-48C9-ABC4-AD6FD2B5A370}
	EndGlobalSection
EndGlobal
