<?xml version="1.0" encoding="utf-8"?>
<Project ToolsVersion="4.0" xmlns="http://schemas.microsoft.com/developer/msbuild/2003">
  <ItemGroup>
    <Filter Include="Main">
      <UniqueIdentifier>{eac3110d-faaa-46e2-918f-f46567f172b5}</UniqueIdentifier>
    </Filter>
    <Filter Include="Thread">
      <UniqueIdentifier>{916a6abe-806c-4525-a7ce-ad6d44dff7b8}</UniqueIdentifier>
    </Filter>
    <Filter Include="Main\Header Files">
      <UniqueIdentifier>{93995380-89BD-4b04-88EB-625FBE52EBFB}</UniqueIdentifier>
      <Extensions>h;hh;hpp;hxx;hm;inl;inc;xsd</Extensions>
    </Filter>
    <Filter Include="Main\Source Files">
      <UniqueIdentifier>{4FC737F1-C7A5-4376-A066-2A32D752A2FF}</UniqueIdentifier>
      <Extensions>cpp;c;cc;cxx;def;odl;idl;hpj;bat;asm;asmx</Extensions>
    </Filter>
    <Filter Include="Common">
      <UniqueIdentifier>{fea6e184-ee0c-4b7e-bb4c-a42d5ddccad7}</UniqueIdentifier>
    </Filter>
    <Filter Include="Thread\Header Files">
      <UniqueIdentifier>{9d3d7d97-ebb2-4eef-8443-0b0853dc3d5d}</UniqueIdentifier>
    </Filter>
    <Filter Include="Thread\Source Files">
      <UniqueIdentifier>{e1d92a97-e0a8-42d5-9538-1c18f4db23c3}</UniqueIdentifier>
    </Filter>
  </ItemGroup>
  <ItemGroup>
    <ClCompile Include="server.cpp">
      <Filter>Main\Source Files</Filter>
    </ClCompile>
    <ClCompile Include="create.cpp">
      <Filter>Main\Source Files</Filter>
    </ClCompile>
    <ClCompile Include="wait.cpp">
      <Filter>Main\Source Files</Filter>
    </ClCompile>
    <ClCompile Include="read.cpp">
      <Filter>Thread\Source Files</Filter>
    </ClCompile>
    <ClCompile Include="thread.cpp">
      <Filter>Thread\Source Files</Filter>
    </ClCompile>
  </ItemGroup>
  <ItemGroup>
    <ClInclude Include="create.h">
      <Filter>Main\Header Files</Filter>
    </ClInclude>
    <ClInclude Include="wait.h">
      <Filter>Main\Header Files</Filter>
    </ClInclude>
    <ClInclude Include="defines.h">
      <Filter>Common</Filter>
    </ClInclude>
    <ClInclude Include="pipehandle.h">
      <Filter>Common</Filter>
    </ClInclude>
    <ClInclude Include="read.h">
      <Filter>Thread\Header Files</Filter>
    </ClInclude>
    <ClInclude Include="thread.h">
      <Filter>Thread\Header Files</Filter>
    </ClInclude>
  </ItemGroup>
  <ItemGroup>
    <Text Include="tutorial.txt" />
  </ItemGroup>
</Project>