Microsoft Visual Studio Solution File, Format Version 12.00
# Visual Studio 14
VisualStudioVersion = 14.0.25420.1
MinimumVisualStudioVersion = 10.0.40219.1
Project("{8BC9CEB8-8B4A-11D0-8D11-00A0C91BC942}") = "test", "test\test.vcxproj", "{3C58FF20-6439-43BF-BB2F-EF96DC2DAE4C}"
EndProject
Project("{8BC9CEB8-8B4A-11D0-8D11-00A0C91BC942}") = "Math", "Math\Math.vcxproj", "{0295430E-1280-42FD-988D-1F827B587A94}"
EndProject
Project("{8BC9CEB8-8B4A-11D0-8D11-00A0C91BC942}") = "libMath", "libMath\libMath.vcxproj", "{1848BEB6-A40B-4B31-9435-45FB3F30471A}"
EndProject
Global
	GlobalSection(SolutionConfigurationPlatforms) = preSolution
		Debug|ARM = Debug|ARM
		Debug|x64 = Debug|x64
		Debug|x86 = Debug|x86
		Release|ARM = Release|ARM
		Release|x64 = Release|x64
		Release|x86 = Release|x86
	EndGlobalSection
	GlobalSection(ProjectConfigurationPlatforms) = postSolution
		{3C58FF20-6439-43BF-BB2F-EF96DC2DAE4C}.Debug|ARM.ActiveCfg = Debug|Win32
		{3C58FF20-6439-43BF-BB2F-EF96DC2DAE4C}.Debug|x64.ActiveCfg = Debug|x64
		{3C58FF20-6439-43BF-BB2F-EF96DC2DAE4C}.Debug|x64.Build.0 = Debug|x64
		{3C58FF20-6439-43BF-BB2F-EF96DC2DAE4C}.Debug|x86.ActiveCfg = Debug|Win32
		{3C58FF20-6439-43BF-BB2F-EF96DC2DAE4C}.Debug|x86.Build.0 = Debug|Win32
		{3C58FF20-6439-43BF-BB2F-EF96DC2DAE4C}.Release|ARM.ActiveCfg = Release|Win32
		{3C58FF20-6439-43BF-BB2F-EF96DC2DAE4C}.Release|x64.ActiveCfg = Release|x64
		{3C58FF20-6439-43BF-BB2F-EF96DC2DAE4C}.Release|x64.Build.0 = Release|x64
		{3C58FF20-6439-43BF-BB2F-EF96DC2DAE4C}.Release|x86.ActiveCfg = Release|Win32
		{3C58FF20-6439-43BF-BB2F-EF96DC2DAE4C}.Release|x86.Build.0 = Release|Win32
		{0295430E-1280-42FD-988D-1F827B587A94}.Debug|ARM.ActiveCfg = Debug|Win32
		{0295430E-1280-42FD-988D-1F827B587A94}.Debug|x64.ActiveCfg = Debug|x64
		{0295430E-1280-42FD-988D-1F827B587A94}.Debug|x64.Build.0 = Debug|x64
		{0295430E-1280-42FD-988D-1F827B587A94}.Debug|x86.ActiveCfg = Debug|Win32
		{0295430E-1280-42FD-988D-1F827B587A94}.Debug|x86.Build.0 = Debug|Win32
		{0295430E-1280-42FD-988D-1F827B587A94}.Release|ARM.ActiveCfg = Release|Win32
		{0295430E-1280-42FD-988D-1F827B587A94}.Release|x64.ActiveCfg = Release|x64
		{0295430E-1280-42FD-988D-1F827B587A94}.Release|x64.Build.0 = Release|x64
		{0295430E-1280-42FD-988D-1F827B587A94}.Release|x86.ActiveCfg = Release|Win32
		{0295430E-1280-42FD-988D-1F827B587A94}.Release|x86.Build.0 = Release|Win32
		{1848BEB6-A40B-4B31-9435-45FB3F30471A}.Debug|ARM.ActiveCfg = Debug|Win32
		{1848BEB6-A40B-4B31-9435-45FB3F30471A}.Debug|x64.ActiveCfg = Debug|x64
		{1848BEB6-A40B-4B31-9435-45FB3F30471A}.Debug|x64.Build.0 = Debug|x64
		{1848BEB6-A40B-4B31-9435-45FB3F30471A}.Debug|x86.ActiveCfg = Debug|Win32
		{1848BEB6-A40B-4B31-9435-45FB3F30471A}.Debug|x86.Build.0 = Debug|Win32
		{1848BEB6-A40B-4B31-9435-45FB3F30471A}.Release|ARM.ActiveCfg = Release|Win32
		{1848BEB6-A40B-4B31-9435-45FB3F30471A}.Release|x64.ActiveCfg = Release|x64
		{1848BEB6-A40B-4B31-9435-45FB3F30471A}.Release|x64.Build.0 = Release|x64
		{1848BEB6-A40B-4B31-9435-45FB3F30471A}.Release|x86.ActiveCfg = Release|Win32
		{1848BEB6-A40B-4B31-9435-45FB3F30471A}.Release|x86.Build.0 = Release|Win32
	EndGlobalSection
	GlobalSection(SolutionProperties) = preSolution
		HideSolutionNode = FALSE
	EndGlobalSection
EndGlobal
