
Microsoft Visual Studio Solution File, Format Version 12.00
# Visual Studio 14
VisualStudioVersion = 14.0.25420.1
MinimumVisualStudioVersion = 10.0.40219.1
Project("{8BC9CEB8-8B4A-11D0-8D11-00A0C91BC942}") = "windows_gdi", "windows_gdi\windows_gdi.vcxproj", "{73ED9A01-264D-490F-96E2-59CAC3390DC5}"
EndProject
Project("{8BC9CEB8-8B4A-11D0-8D11-00A0C91BC942}") = "direct2d", "direct2d\direct2d.vcxproj", "{499AE8C0-7039-434B-81BA-0A8B5C870CF6}"
EndProject
Project("{8BC9CEB8-8B4A-11D0-8D11-00A0C91BC942}") = "opengl", "opengl\opengl.vcxproj", "{8ED835AE-45BA-4F5F-9EC9-B0B2434A54CE}"
EndProject
Global
	GlobalSection(SolutionConfigurationPlatforms) = preSolution
		Debug|x64 = Debug|x64
		Debug|x86 = Debug|x86
		Release|x64 = Release|x64
		Release|x86 = Release|x86
	EndGlobalSection
	GlobalSection(ProjectConfigurationPlatforms) = postSolution
		{73ED9A01-264D-490F-96E2-59CAC3390DC5}.Debug|x64.ActiveCfg = Debug|x64
		{73ED9A01-264D-490F-96E2-59CAC3390DC5}.Debug|x64.Build.0 = Debug|x64
		{73ED9A01-264D-490F-96E2-59CAC3390DC5}.Debug|x86.ActiveCfg = Debug|Win32
		{73ED9A01-264D-490F-96E2-59CAC3390DC5}.Debug|x86.Build.0 = Debug|Win32
		{73ED9A01-264D-490F-96E2-59CAC3390DC5}.Release|x64.ActiveCfg = Release|x64
		{73ED9A01-264D-490F-96E2-59CAC3390DC5}.Release|x64.Build.0 = Release|x64
		{73ED9A01-264D-490F-96E2-59CAC3390DC5}.Release|x86.ActiveCfg = Release|Win32
		{73ED9A01-264D-490F-96E2-59CAC3390DC5}.Release|x86.Build.0 = Release|Win32
		{499AE8C0-7039-434B-81BA-0A8B5C870CF6}.Debug|x64.ActiveCfg = Debug|x64
		{499AE8C0-7039-434B-81BA-0A8B5C870CF6}.Debug|x64.Build.0 = Debug|x64
		{499AE8C0-7039-434B-81BA-0A8B5C870CF6}.Debug|x86.ActiveCfg = Debug|Win32
		{499AE8C0-7039-434B-81BA-0A8B5C870CF6}.Debug|x86.Build.0 = Debug|Win32
		{499AE8C0-7039-434B-81BA-0A8B5C870CF6}.Release|x64.ActiveCfg = Release|x64
		{499AE8C0-7039-434B-81BA-0A8B5C870CF6}.Release|x64.Build.0 = Release|x64
		{499AE8C0-7039-434B-81BA-0A8B5C870CF6}.Release|x86.ActiveCfg = Release|Win32
		{499AE8C0-7039-434B-81BA-0A8B5C870CF6}.Release|x86.Build.0 = Release|Win32
		{8ED835AE-45BA-4F5F-9EC9-B0B2434A54CE}.Debug|x64.ActiveCfg = Debug|x64
		{8ED835AE-45BA-4F5F-9EC9-B0B2434A54CE}.Debug|x64.Build.0 = Debug|x64
		{8ED835AE-45BA-4F5F-9EC9-B0B2434A54CE}.Debug|x86.ActiveCfg = Debug|Win32
		{8ED835AE-45BA-4F5F-9EC9-B0B2434A54CE}.Debug|x86.Build.0 = Debug|Win32
		{8ED835AE-45BA-4F5F-9EC9-B0B2434A54CE}.Release|x64.ActiveCfg = Release|x64
		{8ED835AE-45BA-4F5F-9EC9-B0B2434A54CE}.Release|x64.Build.0 = Release|x64
		{8ED835AE-45BA-4F5F-9EC9-B0B2434A54CE}.Release|x86.ActiveCfg = Release|Win32
		{8ED835AE-45BA-4F5F-9EC9-B0B2434A54CE}.Release|x86.Build.0 = Release|Win32
	EndGlobalSection
	GlobalSection(SolutionProperties) = preSolution
		HideSolutionNode = FALSE
	EndGlobalSection
EndGlobal
