<?xml version="1.0" encoding="utf-8"?>
<Project ToolsVersion="4.0" xmlns="http://schemas.microsoft.com/developer/msbuild/2003">
  <ItemGroup>
    <Filter Include="Source Files">
      <UniqueIdentifier>{4FC737F1-C7A5-4376-A066-2A32D752A2FF}</UniqueIdentifier>
      <Extensions>cpp;c;cc;cxx;def;odl;idl;hpj;bat;asm;asmx</Extensions>
    </Filter>
    <Filter Include="Header Files">
      <UniqueIdentifier>{93995380-89BD-4b04-88EB-625FBE52EBFB}</UniqueIdentifier>
      <Extensions>h;hh;hpp;hxx;hm;inl;inc;ipp;xsd</Extensions>
    </Filter>
    <Filter Include="Interface Files">
      <UniqueIdentifier>{eb40d9b8-aded-4f69-a89b-4004a2643c7c}</UniqueIdentifier>
    </Filter>
    <Filter Include="Documentation">
      <UniqueIdentifier>{6a84be6e-18f4-4a22-82eb-41c2bf148721}</UniqueIdentifier>
    </Filter>
  </ItemGroup>
  <ItemGroup>
    <ClInclude Include="element.h">
      <Filter>Interface Files</Filter>
    </ClInclude>
    <ClInclude Include="indexable.h">
      <Filter>Interface Files</Filter>
    </ClInclude>
    <ClInclude Include="indexable_impl.h">
      <Filter>Header Files</Filter>
    </ClInclude>
    <ClInclude Include="element_impl.h">
      <Filter>Header Files</Filter>
    </ClInclude>
    <ClInclude Include="rectangle_impl.h">
      <Filter>Header Files</Filter>
    </ClInclude>
    <ClInclude Include="rectangle.h">
      <Filter>Interface Files</Filter>
    </ClInclude>
    <ClInclude Include="composite.h">
      <Filter>Header Files</Filter>
    </ClInclude>
  </ItemGroup>
  <ItemGroup>
    <ClCompile Include="main.cpp">
      <Filter>Source Files</Filter>
    </ClCompile>
    <ClCompile Include="indexable_impl.cpp">
      <Filter>Source Files</Filter>
    </ClCompile>
    <ClCompile Include="element_impl.cpp">
      <Filter>Source Files</Filter>
    </ClCompile>
    <ClCompile Include="rectangle_impl.cpp">
      <Filter>Source Files</Filter>
    </ClCompile>
    <ClCompile Include="composite.cpp">
      <Filter>Source Files</Filter>
    </ClCompile>
  </ItemGroup>
  <ItemGroup>
    <None Include="scheme.graphml">
      <Filter>Documentation</Filter>
    </None>
  </ItemGroup>
</Project>