Microsoft Visual Studio Solution File, Format Version 12.00
# Visual Studio Version 16
VisualStudioVersion = 16.0.29911.84
MinimumVisualStudioVersion = 10.0.40219.1
Project("{8BC9CEB8-8B4A-11D0-8D11-00A0C91BC942}") = "iterator", "iterator\iterator.vcxproj", "{8B085315-4413-4078-BD70-0D2BAA6FFC21}"
EndProject
Project("{8BC9CEB8-8B4A-11D0-8D11-00A0C91BC942}") = "example", "example\example.vcxproj", "{BD5AC0A7-EC1A-48C6-AA14-77BBC76FEE22}"
EndProject
Project("{8BC9CEB8-8B4A-11D0-8D11-00A0C91BC942}") = "ut", "ut\ut.vcxproj", "{4BE06F6D-C072-43DC-BAF9-1D91822F0E0B}"
EndProject
Project("{8BC9CEB8-8B4A-11D0-8D11-00A0C91BC942}") = "iterator_v2", "iterator_v2\iterator_v2.vcxproj", "{31365DEC-F46A-4D34-A61D-0218559A090B}"
EndProject
Global
	GlobalSection(SolutionConfigurationPlatforms) = preSolution
		Debug|x64 = Debug|x64
		Debug|x86 = Debug|x86
		Release|x64 = Release|x64
		Release|x86 = Release|x86
	EndGlobalSection
	GlobalSection(ProjectConfigurationPlatforms) = postSolution
		{8B085315-4413-4078-BD70-0D2BAA6FFC21}.Debug|x64.ActiveCfg = Debug|x64
		{8B085315-4413-4078-BD70-0D2BAA6FFC21}.Debug|x64.Build.0 = Debug|x64
		{8B085315-4413-4078-BD70-0D2BAA6FFC21}.Debug|x86.ActiveCfg = Debug|Win32
		{8B085315-4413-4078-BD70-0D2BAA6FFC21}.Debug|x86.Build.0 = Debug|Win32
		{8B085315-4413-4078-BD70-0D2BAA6FFC21}.Release|x64.ActiveCfg = Release|x64
		{8B085315-4413-4078-BD70-0D2BAA6FFC21}.Release|x64.Build.0 = Release|x64
		{8B085315-4413-4078-BD70-0D2BAA6FFC21}.Release|x86.ActiveCfg = Release|Win32
		{8B085315-4413-4078-BD70-0D2BAA6FFC21}.Release|x86.Build.0 = Release|Win32
		{BD5AC0A7-EC1A-48C6-AA14-77BBC76FEE22}.Debug|x64.ActiveCfg = Debug|x64
		{BD5AC0A7-EC1A-48C6-AA14-77BBC76FEE22}.Debug|x64.Build.0 = Debug|x64
		{BD5AC0A7-EC1A-48C6-AA14-77BBC76FEE22}.Debug|x86.ActiveCfg = Debug|Win32
		{BD5AC0A7-EC1A-48C6-AA14-77BBC76FEE22}.Debug|x86.Build.0 = Debug|Win32
		{BD5AC0A7-EC1A-48C6-AA14-77BBC76FEE22}.Release|x64.ActiveCfg = Release|x64
		{BD5AC0A7-EC1A-48C6-AA14-77BBC76FEE22}.Release|x64.Build.0 = Release|x64
		{BD5AC0A7-EC1A-48C6-AA14-77BBC76FEE22}.Release|x86.ActiveCfg = Release|Win32
		{BD5AC0A7-EC1A-48C6-AA14-77BBC76FEE22}.Release|x86.Build.0 = Release|Win32
		{4BE06F6D-C072-43DC-BAF9-1D91822F0E0B}.Debug|x64.ActiveCfg = Debug|x64
		{4BE06F6D-C072-43DC-BAF9-1D91822F0E0B}.Debug|x64.Build.0 = Debug|x64
		{4BE06F6D-C072-43DC-BAF9-1D91822F0E0B}.Debug|x86.ActiveCfg = Debug|Win32
		{4BE06F6D-C072-43DC-BAF9-1D91822F0E0B}.Debug|x86.Build.0 = Debug|Win32
		{4BE06F6D-C072-43DC-BAF9-1D91822F0E0B}.Release|x64.ActiveCfg = Release|x64
		{4BE06F6D-C072-43DC-BAF9-1D91822F0E0B}.Release|x64.Build.0 = Release|x64
		{4BE06F6D-C072-43DC-BAF9-1D91822F0E0B}.Release|x86.ActiveCfg = Release|Win32
		{4BE06F6D-C072-43DC-BAF9-1D91822F0E0B}.Release|x86.Build.0 = Release|Win32
		{31365DEC-F46A-4D34-A61D-0218559A090B}.Debug|x64.ActiveCfg = Debug|x64
		{31365DEC-F46A-4D34-A61D-0218559A090B}.Debug|x64.Build.0 = Debug|x64
		{31365DEC-F46A-4D34-A61D-0218559A090B}.Debug|x86.ActiveCfg = Debug|Win32
		{31365DEC-F46A-4D34-A61D-0218559A090B}.Debug|x86.Build.0 = Debug|Win32
		{31365DEC-F46A-4D34-A61D-0218559A090B}.Release|x64.ActiveCfg = Release|x64
		{31365DEC-F46A-4D34-A61D-0218559A090B}.Release|x64.Build.0 = Release|x64
		{31365DEC-F46A-4D34-A61D-0218559A090B}.Release|x86.ActiveCfg = Release|Win32
		{31365DEC-F46A-4D34-A61D-0218559A090B}.Release|x86.Build.0 = Release|Win32
	EndGlobalSection
	GlobalSection(SolutionProperties) = preSolution
		HideSolutionNode = FALSE
	EndGlobalSection
	GlobalSection(ExtensibilityGlobals) = postSolution
		SolutionGuid = {4B498BD1-0EB5-4D16-8404-BE4FA5931064}
	EndGlobalSection
EndGlobal
