
Microsoft Visual Studio Solution File, Format Version 12.00
# Visual Studio 14
VisualStudioVersion = 14.0.25420.1
MinimumVisualStudioVersion = 10.0.40219.1
Project("{8BC9CEB8-8B4A-11D0-8D11-00A0C91BC942}") = "containers", "containers\containers.vcxproj", "{8B085315-4413-4078-BD70-0D2BAA6FFC21}"
EndProject
Project("{8BC9CEB8-8B4A-11D0-8D11-00A0C91BC942}") = "test", "test\test.vcxproj", "{BD5AC0A7-EC1A-48C6-AA14-77BBC76FEE22}"
EndProject
Global
	GlobalSection(SolutionConfigurationPlatforms) = preSolution
		Debug|x64 = Debug|x64
		Debug|x86 = Debug|x86
		Release|x64 = Release|x64
		Release|x86 = Release|x86
	EndGlobalSection
	GlobalSection(ProjectConfigurationPlatforms) = postSolution
		{8B085315-4413-4078-BD70-0D2BAA6FFC21}.Debug|x64.ActiveCfg = Debug|x64
		{8B085315-4413-4078-BD70-0D2BAA6FFC21}.Debug|x64.Build.0 = Debug|x64
		{8B085315-4413-4078-BD70-0D2BAA6FFC21}.Debug|x86.ActiveCfg = Debug|Win32
		{8B085315-4413-4078-BD70-0D2BAA6FFC21}.Debug|x86.Build.0 = Debug|Win32
		{8B085315-4413-4078-BD70-0D2BAA6FFC21}.Release|x64.ActiveCfg = Release|x64
		{8B085315-4413-4078-BD70-0D2BAA6FFC21}.Release|x64.Build.0 = Release|x64
		{8B085315-4413-4078-BD70-0D2BAA6FFC21}.Release|x86.ActiveCfg = Release|Win32
		{8B085315-4413-4078-BD70-0D2BAA6FFC21}.Release|x86.Build.0 = Release|Win32
		{BD5AC0A7-EC1A-48C6-AA14-77BBC76FEE22}.Debug|x64.ActiveCfg = Debug|x64
		{BD5AC0A7-EC1A-48C6-AA14-77BBC76FEE22}.Debug|x64.Build.0 = Debug|x64
		{BD5AC0A7-EC1A-48C6-AA14-77BBC76FEE22}.Debug|x86.ActiveCfg = Debug|Win32
		{BD5AC0A7-EC1A-48C6-AA14-77BBC76FEE22}.Debug|x86.Build.0 = Debug|Win32
		{BD5AC0A7-EC1A-48C6-AA14-77BBC76FEE22}.Release|x64.ActiveCfg = Release|x64
		{BD5AC0A7-EC1A-48C6-AA14-77BBC76FEE22}.Release|x64.Build.0 = Release|x64
		{BD5AC0A7-EC1A-48C6-AA14-77BBC76FEE22}.Release|x86.ActiveCfg = Release|Win32
		{BD5AC0A7-EC1A-48C6-AA14-77BBC76FEE22}.Release|x86.Build.0 = Release|Win32
	EndGlobalSection
	GlobalSection(SolutionProperties) = preSolution
		HideSolutionNode = FALSE
	EndGlobalSection
EndGlobal
