
Microsoft Visual Studio Solution File, Format Version 12.00
# Visual Studio 14
VisualStudioVersion = 14.0.25420.1
MinimumVisualStudioVersion = 10.0.40219.1
Project("{FAE04EC0-301F-11D3-BF4B-00C04F79EFBC}") = "Communication", "simple_client_server\Communication.csproj", "{2B2A02F6-9539-4CB6-8757-A179B30C02FF}"
EndProject
Project("{FAE04EC0-301F-11D3-BF4B-00C04F79EFBC}") = "test_server", "test\test_server.csproj", "{98711B6D-B274-4CCC-B38D-2FE310FBE4D3}"
EndProject
Project("{FAE04EC0-301F-11D3-BF4B-00C04F79EFBC}") = "test_client", "test_client\test_client.csproj", "{A04A735F-01B2-4030-8DD3-58EB9B5F11AA}"
EndProject
Global
	GlobalSection(SolutionConfigurationPlatforms) = preSolution
		Debug|Any CPU = Debug|Any CPU
		Release|Any CPU = Release|Any CPU
	EndGlobalSection
	GlobalSection(ProjectConfigurationPlatforms) = postSolution
		{2B2A02F6-9539-4CB6-8757-A179B30C02FF}.Debug|Any CPU.ActiveCfg = Debug|Any CPU
		{2B2A02F6-9539-4CB6-8757-A179B30C02FF}.Debug|Any CPU.Build.0 = Debug|Any CPU
		{2B2A02F6-9539-4CB6-8757-A179B30C02FF}.Release|Any CPU.ActiveCfg = Release|Any CPU
		{2B2A02F6-9539-4CB6-8757-A179B30C02FF}.Release|Any CPU.Build.0 = Release|Any CPU
		{98711B6D-B274-4CCC-B38D-2FE310FBE4D3}.Debug|Any CPU.ActiveCfg = Debug|Any CPU
		{98711B6D-B274-4CCC-B38D-2FE310FBE4D3}.Debug|Any CPU.Build.0 = Debug|Any CPU
		{98711B6D-B274-4CCC-B38D-2FE310FBE4D3}.Release|Any CPU.ActiveCfg = Release|Any CPU
		{98711B6D-B274-4CCC-B38D-2FE310FBE4D3}.Release|Any CPU.Build.0 = Release|Any CPU
		{A04A735F-01B2-4030-8DD3-58EB9B5F11AA}.Debug|Any CPU.ActiveCfg = Debug|Any CPU
		{A04A735F-01B2-4030-8DD3-58EB9B5F11AA}.Debug|Any CPU.Build.0 = Debug|Any CPU
		{A04A735F-01B2-4030-8DD3-58EB9B5F11AA}.Release|Any CPU.ActiveCfg = Release|Any CPU
		{A04A735F-01B2-4030-8DD3-58EB9B5F11AA}.Release|Any CPU.Build.0 = Release|Any CPU
	EndGlobalSection
	GlobalSection(SolutionProperties) = preSolution
		HideSolutionNode = FALSE
	EndGlobalSection
EndGlobal
