
Microsoft Visual Studio Solution File, Format Version 12.00
# Visual Studio 14
VisualStudioVersion = 14.0.25420.1
MinimumVisualStudioVersion = 10.0.40219.1
Project("{8BC9CEB8-8B4A-11D0-8D11-00A0C91BC942}") = "dxf_reader", "dxf_reader\dxf_reader.vcxproj", "{E8B6D5E7-24D7-49EA-AAFF-4AD70646E86D}"
EndProject
Project("{8BC9CEB8-8B4A-11D0-8D11-00A0C91BC942}") = "test", "test\test.vcxproj", "{41D116D8-D164-4F6B-9CCA-856EF3DD2F96}"
EndProject
Project("{8BC9CEB8-8B4A-11D0-8D11-00A0C91BC942}") = "dxf_writer", "dxf_writer\dxf_writer.vcxproj", "{7D535737-F5D3-490B-AC8F-1F64B4C6DA5E}"
EndProject
Global
	GlobalSection(SolutionConfigurationPlatforms) = preSolution
		Debug|x64 = Debug|x64
		Debug|x86 = Debug|x86
		Release|x64 = Release|x64
		Release|x86 = Release|x86
	EndGlobalSection
	GlobalSection(ProjectConfigurationPlatforms) = postSolution
		{E8B6D5E7-24D7-49EA-AAFF-4AD70646E86D}.Debug|x64.ActiveCfg = Debug|x64
		{E8B6D5E7-24D7-49EA-AAFF-4AD70646E86D}.Debug|x64.Build.0 = Debug|x64
		{E8B6D5E7-24D7-49EA-AAFF-4AD70646E86D}.Debug|x86.ActiveCfg = Debug|Win32
		{E8B6D5E7-24D7-49EA-AAFF-4AD70646E86D}.Debug|x86.Build.0 = Debug|Win32
		{E8B6D5E7-24D7-49EA-AAFF-4AD70646E86D}.Release|x64.ActiveCfg = Release|x64
		{E8B6D5E7-24D7-49EA-AAFF-4AD70646E86D}.Release|x64.Build.0 = Release|x64
		{E8B6D5E7-24D7-49EA-AAFF-4AD70646E86D}.Release|x86.ActiveCfg = Release|Win32
		{E8B6D5E7-24D7-49EA-AAFF-4AD70646E86D}.Release|x86.Build.0 = Release|Win32
		{41D116D8-D164-4F6B-9CCA-856EF3DD2F96}.Debug|x64.ActiveCfg = Debug|x64
		{41D116D8-D164-4F6B-9CCA-856EF3DD2F96}.Debug|x64.Build.0 = Debug|x64
		{41D116D8-D164-4F6B-9CCA-856EF3DD2F96}.Debug|x86.ActiveCfg = Debug|Win32
		{41D116D8-D164-4F6B-9CCA-856EF3DD2F96}.Debug|x86.Build.0 = Debug|Win32
		{41D116D8-D164-4F6B-9CCA-856EF3DD2F96}.Release|x64.ActiveCfg = Release|x64
		{41D116D8-D164-4F6B-9CCA-856EF3DD2F96}.Release|x64.Build.0 = Release|x64
		{41D116D8-D164-4F6B-9CCA-856EF3DD2F96}.Release|x86.ActiveCfg = Release|Win32
		{41D116D8-D164-4F6B-9CCA-856EF3DD2F96}.Release|x86.Build.0 = Release|Win32
		{7D535737-F5D3-490B-AC8F-1F64B4C6DA5E}.Debug|x64.ActiveCfg = Debug|x64
		{7D535737-F5D3-490B-AC8F-1F64B4C6DA5E}.Debug|x64.Build.0 = Debug|x64
		{7D535737-F5D3-490B-AC8F-1F64B4C6DA5E}.Debug|x86.ActiveCfg = Debug|Win32
		{7D535737-F5D3-490B-AC8F-1F64B4C6DA5E}.Debug|x86.Build.0 = Debug|Win32
		{7D535737-F5D3-490B-AC8F-1F64B4C6DA5E}.Release|x64.ActiveCfg = Release|x64
		{7D535737-F5D3-490B-AC8F-1F64B4C6DA5E}.Release|x64.Build.0 = Release|x64
		{7D535737-F5D3-490B-AC8F-1F64B4C6DA5E}.Release|x86.ActiveCfg = Release|Win32
		{7D535737-F5D3-490B-AC8F-1F64B4C6DA5E}.Release|x86.Build.0 = Release|Win32
	EndGlobalSection
	GlobalSection(SolutionProperties) = preSolution
		HideSolutionNode = FALSE
	EndGlobalSection
EndGlobal
