
Microsoft Visual Studio Solution File, Format Version 12.00
# Visual Studio 14
VisualStudioVersion = 14.0.25420.1
MinimumVisualStudioVersion = 10.0.40219.1
Project("{8BC9CEB8-8B4A-11D0-8D11-00A0C91BC942}") = "enable_if", "enable_if\enable_if.vcxproj", "{BC18BDD0-DB11-41D8-8161-E52CBF1309AC}"
EndProject
Project("{8BC9CEB8-8B4A-11D0-8D11-00A0C91BC942}") = "virtual_teamplates", "virtual_teamplates\virtual_teamplates.vcxproj", "{626DB97E-86C6-4CA7-8F78-4E98E57F4CC3}"
EndProject
Project("{8BC9CEB8-8B4A-11D0-8D11-00A0C91BC942}") = "separated_method_definition", "separated_method_definition\separated_method_definition.vcxproj", "{BC91947C-53F6-4413-8B33-CD7464584B5D}"
EndProject
Project("{8BC9CEB8-8B4A-11D0-8D11-00A0C91BC942}") = "friends", "friends\friends.vcxproj", "{8AF67EFD-35C4-4914-8CF3-34FE1F12C00F}"
EndProject
Global
	GlobalSection(SolutionConfigurationPlatforms) = preSolution
		Debug|x64 = Debug|x64
		Debug|x86 = Debug|x86
		Release|x64 = Release|x64
		Release|x86 = Release|x86
	EndGlobalSection
	GlobalSection(ProjectConfigurationPlatforms) = postSolution
		{BC18BDD0-DB11-41D8-8161-E52CBF1309AC}.Debug|x64.ActiveCfg = Debug|x64
		{BC18BDD0-DB11-41D8-8161-E52CBF1309AC}.Debug|x64.Build.0 = Debug|x64
		{BC18BDD0-DB11-41D8-8161-E52CBF1309AC}.Debug|x86.ActiveCfg = Debug|Win32
		{BC18BDD0-DB11-41D8-8161-E52CBF1309AC}.Debug|x86.Build.0 = Debug|Win32
		{BC18BDD0-DB11-41D8-8161-E52CBF1309AC}.Release|x64.ActiveCfg = Release|x64
		{BC18BDD0-DB11-41D8-8161-E52CBF1309AC}.Release|x64.Build.0 = Release|x64
		{BC18BDD0-DB11-41D8-8161-E52CBF1309AC}.Release|x86.ActiveCfg = Release|Win32
		{BC18BDD0-DB11-41D8-8161-E52CBF1309AC}.Release|x86.Build.0 = Release|Win32
		{626DB97E-86C6-4CA7-8F78-4E98E57F4CC3}.Debug|x64.ActiveCfg = Debug|x64
		{626DB97E-86C6-4CA7-8F78-4E98E57F4CC3}.Debug|x64.Build.0 = Debug|x64
		{626DB97E-86C6-4CA7-8F78-4E98E57F4CC3}.Debug|x86.ActiveCfg = Debug|Win32
		{626DB97E-86C6-4CA7-8F78-4E98E57F4CC3}.Debug|x86.Build.0 = Debug|Win32
		{626DB97E-86C6-4CA7-8F78-4E98E57F4CC3}.Release|x64.ActiveCfg = Release|x64
		{626DB97E-86C6-4CA7-8F78-4E98E57F4CC3}.Release|x64.Build.0 = Release|x64
		{626DB97E-86C6-4CA7-8F78-4E98E57F4CC3}.Release|x86.ActiveCfg = Release|Win32
		{626DB97E-86C6-4CA7-8F78-4E98E57F4CC3}.Release|x86.Build.0 = Release|Win32
		{BC91947C-53F6-4413-8B33-CD7464584B5D}.Debug|x64.ActiveCfg = Debug|x64
		{BC91947C-53F6-4413-8B33-CD7464584B5D}.Debug|x64.Build.0 = Debug|x64
		{BC91947C-53F6-4413-8B33-CD7464584B5D}.Debug|x86.ActiveCfg = Debug|Win32
		{BC91947C-53F6-4413-8B33-CD7464584B5D}.Debug|x86.Build.0 = Debug|Win32
		{BC91947C-53F6-4413-8B33-CD7464584B5D}.Release|x64.ActiveCfg = Release|x64
		{BC91947C-53F6-4413-8B33-CD7464584B5D}.Release|x64.Build.0 = Release|x64
		{BC91947C-53F6-4413-8B33-CD7464584B5D}.Release|x86.ActiveCfg = Release|Win32
		{BC91947C-53F6-4413-8B33-CD7464584B5D}.Release|x86.Build.0 = Release|Win32
		{8AF67EFD-35C4-4914-8CF3-34FE1F12C00F}.Debug|x64.ActiveCfg = Debug|x64
		{8AF67EFD-35C4-4914-8CF3-34FE1F12C00F}.Debug|x64.Build.0 = Debug|x64
		{8AF67EFD-35C4-4914-8CF3-34FE1F12C00F}.Debug|x86.ActiveCfg = Debug|Win32
		{8AF67EFD-35C4-4914-8CF3-34FE1F12C00F}.Debug|x86.Build.0 = Debug|Win32
		{8AF67EFD-35C4-4914-8CF3-34FE1F12C00F}.Release|x64.ActiveCfg = Release|x64
		{8AF67EFD-35C4-4914-8CF3-34FE1F12C00F}.Release|x64.Build.0 = Release|x64
		{8AF67EFD-35C4-4914-8CF3-34FE1F12C00F}.Release|x86.ActiveCfg = Release|Win32
		{8AF67EFD-35C4-4914-8CF3-34FE1F12C00F}.Release|x86.Build.0 = Release|Win32
	EndGlobalSection
	GlobalSection(SolutionProperties) = preSolution
		HideSolutionNode = FALSE
	EndGlobalSection
EndGlobal
