
Microsoft Visual Studio Solution File, Format Version 12.00
# Visual Studio Version 17
VisualStudioVersion = 17.14.36414.22 d17.14
MinimumVisualStudioVersion = 10.0.40219.1
Project("{8BC9CEB8-8B4A-11D0-8D11-00A0C91BC942}") = "bidirectional_map", "bidirectional_map.vcxproj", "{6074D7C2-E1A5-40D4-8FF7-63CFD69B6643}"
EndProject
Global
	GlobalSection(SolutionConfigurationPlatforms) = preSolution
		Debug|x64 = Debug|x64
		Debug|x86 = Debug|x86
		Release|x64 = Release|x64
		Release|x86 = Release|x86
	EndGlobalSection
	GlobalSection(ProjectConfigurationPlatforms) = postSolution
		{6074D7C2-E1A5-40D4-8FF7-63CFD69B6643}.Debug|x64.ActiveCfg = Debug|x64
		{6074D7C2-E1A5-40D4-8FF7-63CFD69B6643}.Debug|x64.Build.0 = Debug|x64
		{6074D7C2-E1A5-40D4-8FF7-63CFD69B6643}.Debug|x86.ActiveCfg = Debug|Win32
		{6074D7C2-E1A5-40D4-8FF7-63CFD69B6643}.Debug|x86.Build.0 = Debug|Win32
		{6074D7C2-E1A5-40D4-8FF7-63CFD69B6643}.Release|x64.ActiveCfg = Release|x64
		{6074D7C2-E1A5-40D4-8FF7-63CFD69B6643}.Release|x64.Build.0 = Release|x64
		{6074D7C2-E1A5-40D4-8FF7-63CFD69B6643}.Release|x86.ActiveCfg = Release|Win32
		{6074D7C2-E1A5-40D4-8FF7-63CFD69B6643}.Release|x86.Build.0 = Release|Win32
	EndGlobalSection
	GlobalSection(SolutionProperties) = preSolution
		HideSolutionNode = FALSE
	EndGlobalSection
	GlobalSection(ExtensibilityGlobals) = postSolution
		SolutionGuid = {0FB7B549-131A-46B2-821B-A843A5C87D5C}
	EndGlobalSection
EndGlobal
