Microsoft Visual Studio Solution File, Format Version 12.00
# Visual Studio 14
VisualStudioVersion = 14.0.25420.1
MinimumVisualStudioVersion = 10.0.40219.1
Project("{FAE04EC0-301F-11D3-BF4B-00C04F79EFBC}") = "SimpleVisualizer", "Visualizer\SimpleVisualizer.csproj", "{895805BC-5409-4663-B03F-F69FA94CC978}"
EndProject
Project("{FAE04EC0-301F-11D3-BF4B-00C04F79EFBC}") = "Test", "Test\Test.csproj", "{8819F09D-0380-4033-B4D8-2371A7B159FB}"
EndProject
Project("{FAE04EC0-301F-11D3-BF4B-00C04F79EFBC}") = "Visualizer", "TemplateVisualizer\Visualizer.csproj", "{137E4D53-E27A-4132-AD7F-66A5163A0C66}"
EndProject
Global
	GlobalSection(SolutionConfigurationPlatforms) = preSolution
		Debug|Any CPU = Debug|Any CPU
		Release|Any CPU = Release|Any CPU
	EndGlobalSection
	GlobalSection(ProjectConfigurationPlatforms) = postSolution
		{895805BC-5409-4663-B03F-F69FA94CC978}.Debug|Any CPU.ActiveCfg = Debug|Any CPU
		{895805BC-5409-4663-B03F-F69FA94CC978}.Debug|Any CPU.Build.0 = Debug|Any CPU
		{895805BC-5409-4663-B03F-F69FA94CC978}.Release|Any CPU.ActiveCfg = Release|Any CPU
		{895805BC-5409-4663-B03F-F69FA94CC978}.Release|Any CPU.Build.0 = Release|Any CPU
		{8819F09D-0380-4033-B4D8-2371A7B159FB}.Debug|Any CPU.ActiveCfg = Debug|Any CPU
		{8819F09D-0380-4033-B4D8-2371A7B159FB}.Debug|Any CPU.Build.0 = Debug|Any CPU
		{8819F09D-0380-4033-B4D8-2371A7B159FB}.Release|Any CPU.ActiveCfg = Release|Any CPU
		{8819F09D-0380-4033-B4D8-2371A7B159FB}.Release|Any CPU.Build.0 = Release|Any CPU
		{137E4D53-E27A-4132-AD7F-66A5163A0C66}.Debug|Any CPU.ActiveCfg = Debug|Any CPU
		{137E4D53-E27A-4132-AD7F-66A5163A0C66}.Debug|Any CPU.Build.0 = Debug|Any CPU
		{137E4D53-E27A-4132-AD7F-66A5163A0C66}.Release|Any CPU.ActiveCfg = Release|Any CPU
		{137E4D53-E27A-4132-AD7F-66A5163A0C66}.Release|Any CPU.Build.0 = Release|Any CPU
	EndGlobalSection
	GlobalSection(SolutionProperties) = preSolution
		HideSolutionNode = FALSE
	EndGlobalSection
EndGlobal
